// !$*UTF8*$!
{
	archiveVersion = 1;
	classes = {
	};
	objectVersion = 46;
	objects = {

/* Begin PBXBuildFile section */
		A715617C1F6BE3B900154EA2 /* main.m in Sources */ = {isa = PBXBuildFile; fileRef = A715617B1F6BE3B900154EA2 /* main.m */; };
		A715617F1F6BE3B900154EA2 /* AppDelegate.m in Sources */ = {isa = PBXBuildFile; fileRef = A715617E1F6BE3B900154EA2 /* AppDelegate.m */; };
		A71561821F6BE3B900154EA2 /* ViewController.m in Sources */ = {isa = PBXBuildFile; fileRef = A71561811F6BE3B900154EA2 /* ViewController.m */; };
		A71561851F6BE3B900154EA2 /* Main.storyboard in Resources */ = {isa = PBXBuildFile; fileRef = A71561831F6BE3B900154EA2 /* Main.storyboard */; };
		A71561871F6BE3B900154EA2 /* Assets.xcassets in Resources */ = {isa = PBXBuildFile; fileRef = A71561861F6BE3B900154EA2 /* Assets.xcassets */; };
		A715618A1F6BE3B900154EA2 /* LaunchScreen.storyboard in Resources */ = {isa = PBXBuildFile; fileRef = A71561881F6BE3B900154EA2 /* LaunchScreen.storyboard */; };
/* End PBXBuildFile section */

/* Begin PBXFileReference section */
		A71561771F6BE3B900154EA2 /* ViewBoundsInitErrorTest.app */ = {isa = PBXFileReference; explicitFileType = wrapper.application; includeInIndex = 0; path = ViewBoundsInitErrorTest.app; sourceTree = BUILT_PRODUCTS_DIR; };
		A715617B1F6BE3B900154EA2 /* main.m */ = {isa = PBXFileReference; lastKnownFileType = sourcecode.c.objc; path = main.m; sourceTree = "<group>"; };
		A715617D1F6BE3B900154EA2 /* AppDelegate.h */ = {isa = PBXFileReference; lastKnownFileType = sourcecode.c.h; path = AppDelegate.h; sourceTree = "<group>"; };
		A715617E1F6BE3B900154EA2 /* AppDelegate.m */ = {isa = PBXFileReference; lastKnownFileType = sourcecode.c.objc; path = AppDelegate.m; sourceTree = "<group>"; };
		A71561801F6BE3B900154EA2 /* ViewController.h */ = {isa = PBXFileReference; lastKnownFileType = sourcecode.c.h; path = ViewController.h; sourceTree = "<group>"; };
		A71561811F6BE3B900154EA2 /* ViewController.m */ = {isa = PBXFileReference; lastKnownFileType = sourcecode.c.objc; path = ViewController.m; sourceTree = "<group>"; };
		A71561841F6BE3B900154EA2 /* Base */ = {isa = PBXFileReference; lastKnownFileType = file.storyboard; name = Base; path = Base.lproj/Main.storyboard; sourceTree = "<group>"; };
		A71561861F6BE3B900154EA2 /* Assets.xcassets */ = {isa = PBXFileReference; lastKnownFileType = folder.assetcatalog; path = Assets.xcassets; sourceTree = "<group>"; };
		A71561891F6BE3B900154EA2 /* Base */ = {isa = PBXFileReference; lastKnownFileType = file.storyboard; name = Base; path = Base.lproj/LaunchScreen.storyboard; sourceTree = "<group>"; };
		A715618B1F6BE3B900154EA2 /* Info.plist */ = {isa = PBXFileReference; lastKnownFileType = text.plist.xml; path = Info.plist; sourceTree = "<group>"; };
/* End PBXFileReference section */

/* Begin PBXFrameworksBuildPhase section */
		A71561741F6BE3B900154EA2 /* Frameworks */ = {
			isa = PBXFrameworksBuildPhase;
			buildActionMask = 2147483647;
			files = (
			);
			runOnlyForDeploymentPostprocessing = 0;
		};
/* End PBXFrameworksBuildPhase section */

/* Begin PBXGroup section */
		A715616E1F6BE3B900154EA2 = {
			isa = PBXGroup;
			children = (
				A71561791F6BE3B900154EA2 /* ViewBoundsInitErrorTest */,
				A71561781F6BE3B900154EA2 /* Products */,
			);
			sourceTree = "<group>";
		};
		A71561781F6BE3B900154EA2 /* Products */ = {
			isa = PBXGroup;
			children = (
				A71561771F6BE3B900154EA2 /* ViewBoundsInitErrorTest.app */,
			);
			name = Products;
			sourceTree = "<group>";
		};
		A71561791F6BE3B900154EA2 /* ViewBoundsInitErrorTest */ = {
			isa = PBXGroup;
			children = (
				A715617D1F6BE3B900154EA2 /* AppDelegate.h */,
				A715617E1F6BE3B900154EA2 /* AppDelegate.m */,
				A71561801F6BE3B900154EA2 /* ViewController.h */,
				A71561811F6BE3B900154EA2 /* ViewController.m */,
				A71561831F6BE3B900154EA2 /* Main.storyboard */,
				A71561861F6BE3B900154EA2 /* Assets.xcassets */,
				A71561881F6BE3B900154EA2 /* LaunchScreen.storyboard */,
				A715618B1F6BE3B900154EA2 /* Info.plist */,
				A715617A1F6BE3B900154EA2 /* Supporting Files */,
			);
			path = ViewBoundsInitErrorTest;
			sourceTree = "<group>";
		};
		A715617A1F6BE3B900154EA2 /* Supporting Files */ = {
			isa = PBXGroup;
			children = (
				A715617B1F6BE3B900154EA2 /* main.m */,
			);
			name = "Supporting Files";
			sourceTree = "<group>";
		};
/* End PBXGroup section */

/* Begin PBXNativeTarget section */
		A71561761F6BE3B900154EA2 /* ViewBoundsInitErrorTest */ = {
			isa = PBXNativeTarget;
			buildConfigurationList = A715618E1F6BE3B900154EA2 /* Build configuration list for PBXNativeTarget "ViewBoundsInitErrorTest" */;
			buildPhases = (
				A71561731F6BE3B900154EA2 /* Sources */,
				A71561741F6BE3B900154EA2 /* Frameworks */,
				A71561751F6BE3B900154EA2 /* Resources */,
			);
			buildRules = (
			);
			dependencies = (
			);
			name = ViewBoundsInitErrorTest;
			productName = ViewBoundsInitErrorTest;
			productReference = A71561771F6BE3B900154EA2 /* ViewBoundsInitErrorTest.app */;
			productType = "com.apple.product-type.application";
		};
/* End PBXNativeTarget section */

/* Begin PBXProject section */
		A715616F1F6BE3B900154EA2 /* Project object */ = {
			isa = PBXProject;
			attributes = {
				LastUpgradeCheck = 0830;
				ORGANIZATIONNAME = JXT;
				TargetAttributes = {
					A71561761F6BE3B900154EA2 = {
						CreatedOnToolsVersion = 8.3.2;
						ProvisioningStyle = Automatic;
					};
				};
			};
			buildConfigurationList = A71561721F6BE3B900154EA2 /* Build configuration list for PBXProject "ViewBoundsInitErrorTest" */;
			compatibilityVersion = "Xcode 3.2";
			developmentRegion = English;
			hasScannedForEncodings = 0;
			knownRegions = (
				en,
				Base,
			);
			mainGroup = A715616E1F6BE3B900154EA2;
			productRefGroup = A71561781F6BE3B900154EA2 /* Products */;
			projectDirPath = "";
			projectRoot = "";
			targets = (
				A71561761F6BE3B900154EA2 /* ViewBoundsInitErrorTest */,
			);
		};
/* End PBXProject section */

/* Begin PBXResourcesBuildPhase section */
		A71561751F6BE3B900154EA2 /* Resources */ = {
			isa = PBXResourcesBuildPhase;
			buildActionMask = 2147483647;
			files = (
				A715618A1F6BE3B900154EA2 /* LaunchScreen.storyboard in Resources */,
				A71561871F6BE3B900154EA2 /* Assets.xcassets in Resources */,
				A71561851F6BE3B900154EA2 /* Main.storyboard in Resources */,
			);
			runOnlyForDeploymentPostprocessing = 0;
		};
/* End PBXResourcesBuildPhase section */

/* Begin PBXSourcesBuildPhase section */
		A71561731F6BE3B900154EA2 /* Sources */ = {
			isa = PBXSourcesBuildPhase;
			buildActionMask = 2147483647;
			files = (
				A71561821F6BE3B900154EA2 /* ViewController.m in Sources */,
				A715617F1F6BE3B900154EA2 /* AppDelegate.m in Sources */,
				A715617C1F6BE3B900154EA2 /* main.m in Sources */,
			);
			runOnlyForDeploymentPostprocessing = 0;
		};
/* End PBXSourcesBuildPhase section */

/* Begin PBXVariantGroup section */
		A71561831F6BE3B900154EA2 /* Main.storyboard */ = {
			isa = PBXVariantGroup;
			children = (
				A71561841F6BE3B900154EA2 /* Base */,
			);
			name = Main.storyboard;
			sourceTree = "<group>";
		};
		A71561881F6BE3B900154EA2 /* LaunchScreen.storyboard */ = {
			isa = PBXVariantGroup;
			children = (
				A71561891F6BE3B900154EA2 /* Base */,
			);
			name = LaunchScreen.storyboard;
			sourceTree = "<group>";
		};
/* End PBXVariantGroup section */

/* Begin XCBuildConfiguration section */
		A715618C1F6BE3B900154EA2 /* Debug */ = {
			isa = XCBuildConfiguration;
			buildSettings = {
				ALWAYS_SEARCH_USER_PATHS = NO;
				CLANG_ANALYZER_NONNULL = YES;
				CLANG_ANALYZER_NUMBER_OBJECT_CONVERSION = YES_AGGRESSIVE;
				CLANG_CXX_LANGUAGE_STANDARD = "gnu++0x";
				CLANG_CXX_LIBRARY = "libc++";
				CLANG_ENABLE_MODULES = YES;
				CLANG_ENABLE_OBJC_ARC = YES;
				CLANG_WARN_BOOL_CONVERSION = YES;
				CLANG_WARN_CONSTANT_CONVERSION = YES;
				CLANG_WARN_DIRECT_OBJC_ISA_USAGE = YES_ERROR;
				CLANG_WARN_DOCUMENTATION_COMMENTS = YES;
				CLANG_WARN_EMPTY_BODY = YES;
				CLANG_WARN_ENUM_CONVERSION = YES;
				CLANG_WARN_INFINITE_RECURSION = YES;
				CLANG_WARN_INT_CONVERSION = YES;
				CLANG_WARN_OBJC_ROOT_CLASS = YES_ERROR;
				CLANG_WARN_SUSPICIOUS_MOVE = YES;
				CLANG_WARN_UNREACHABLE_CODE = YES;
				CLANG_WARN__DUPLICATE_METHOD_MATCH = YES;
				"CODE_SIGN_IDENTITY[sdk=iphoneos*]" = "iPhone Developer";
				COPY_PHASE_STRIP = NO;
				DEBUG_INFORMATION_FORMAT = dwarf;
				ENABLE_STRICT_OBJC_MSGSEND = YES;
				ENABLE_TESTABILITY = YES;
				GCC_C_LANGUAGE_STANDARD = gnu99;
				GCC_DYNAMIC_NO_PIC = NO;
				GCC_NO_COMMON_BLOCKS = YES;
				GCC_OPTIMIZATION_LEVEL = 0;
				GCC_PREPROCESSOR_DEFINITIONS = (
					"DEBUG=1",
					"$(inherited)",
				);
				GCC_WARN_64_TO_32_BIT_CONVERSION = YES;
				GCC_WARN_ABOUT_RETURN_TYPE = YES_ERROR;
				GCC_WARN_UNDECLARED_SELECTOR = YES;
				GCC_WARN_UNINITIALIZED_AUTOS = YES_AGGRESSIVE;
				GCC_WARN_UNUSED_FUNCTION = YES;
				GCC_WARN_UNUSED_VARIABLE = YES;
				IPHONEOS_DEPLOYMENT_TARGET = 8.0;
				MTL_ENABLE_DEBUG_INFO = YES;
				ONLY_ACTIVE_ARCH = YES;
				SDKROOT = iphoneos;
				TARGETED_DEVICE_FAMILY = "1,2";
			};
			name = Debug;
		};
		A715618D1F6BE3B900154EA2 /* Release */ = {
			isa = XCBuildConfiguration;
			buildSettings = {
				ALWAYS_SEARCH_USER_PATHS = NO;
				CLANG_ANALYZER_NONNULL = YES;
				CLANG_ANALYZER_NUMBER_OBJECT_CONVERSION = YES_AGGRESSIVE;
				CLANG_CXX_LANGUAGE_STANDARD = "gnu++0x";
				CLANG_CXX_LIBRARY = "libc++";
				CLANG_ENABLE_MODULES = YES;
				CLANG_ENABLE_OBJC_ARC = YES;
				CLANG_WARN_BOOL_CONVERSION = YES;
				CLANG_WARN_CONSTANT_CONVERSION = YES;
				CLANG_WARN_DIRECT_OBJC_ISA_USAGE = YES_ERROR;
				CLANG_WARN_DOCUMENTATION_COMMENTS = YES;
				CLANG_WARN_EMPTY_BODY = YES;
				CLANG_WARN_ENUM_CONVERSION = YES;
				CLANG_WARN_INFINITE_RECURSION = YES;
				CLANG_WARN_INT_CONVERSION = YES;
				CLANG_WARN_OBJC_ROOT_CLASS = YES_ERROR;
				CLANG_WARN_SUSPICIOUS_MOVE = YES;
				CLANG_WARN_UNREACHABLE_CODE = YES;
				CLANG_WARN__DUPLICATE_METHOD_MATCH = YES;
				"CODE_SIGN_IDENTITY[sdk=iphoneos*]" = "iPhone Developer";
				COPY_PHASE_STRIP = NO;
				DEBUG_INFORMATION_FORMAT = "dwarf-with-dsym";
				ENABLE_NS_ASSERTIONS = NO;
				ENABLE_STRICT_OBJC_MSGSEND = YES;
				GCC_C_LANGUAGE_STANDARD = gnu99;
				GCC_NO_COMMON_BLOCKS = YES;
				GCC_WARN_64_TO_32_BIT_CONVERSION = YES;
				GCC_WARN_ABOUT_RETURN_TYPE = YES_ERROR;
				GCC_WARN_UNDECLARED_SELECTOR = YES;
				GCC_WARN_UNINITIALIZED_AUTOS = YES_AGGRESSIVE;
				GCC_WARN_UNUSED_FUNCTION = YES;
				GCC_WARN_UNUSED_VARIABLE = YES;
				IPHONEOS_DEPLOYMENT_TARGET = 8.0;
				MTL_ENABLE_DEBUG_INFO = NO;
				SDKROOT = iphoneos;
				TARGETED_DEVICE_FAMILY = "1,2";
				VALIDATE_PRODUCT = YES;
			};
			name = Release;
		};
		A715618F1F6BE3B900154EA2 /* Debug */ = {
			isa = XCBuildConfiguration;
			buildSettings = {
				ASSETCATALOG_COMPILER_APPICON_NAME = AppIcon;
				INFOPLIST_FILE = ViewBoundsInitErrorTest/Info.plist;
				LD_RUNPATH_SEARCH_PATHS = "$(inherited) @executable_path/Frameworks";
				PRODUCT_BUNDLE_IDENTIFIER = JXT.ViewBoundsInitErrorTest;
				PRODUCT_NAME = "$(TARGET_NAME)";
			};
			name = Debug;
		};
		A71561901F6BE3B900154EA2 /* Release */ = {
			isa = XCBuildConfiguration;
			buildSettings = {
				ASSETCATALOG_COMPILER_APPICON_NAME = AppIcon;
				INFOPLIST_FILE = ViewBoundsInitErrorTest/Info.plist;
				LD_RUNPATH_SEARCH_PATHS = "$(inherited) @executable_path/Frameworks";
				PRODUCT_BUNDLE_IDENTIFIER = JXT.ViewBoundsInitErrorTest;
				PRODUCT_NAME = "$(TARGET_NAME)";
			};
			name = Release;
		};
/* End XCBuildConfiguration section */

/* Begin XCConfigurationList section */
		A71561721F6BE3B900154EA2 /* Build configuration list for PBXProject "ViewBoundsInitErrorTest" */ = {
			isa = XCConfigurationList;
			buildConfigurations = (
				A715618C1F6BE3B900154EA2 /* Debug */,
				A715618D1F6BE3B900154EA2 /* Release */,
			);
			defaultConfigurationIsVisible = 0;
			defaultConfigurationName = Release;
		};
		A715618E1F6BE3B900154EA2 /* Build configuration list for PBXNativeTarget "ViewBoundsInitErrorTest" */ = {
			isa = XCConfigurationList;
			buildConfigurations = (
				A715618F1F6BE3B900154EA2 /* Debug */,
				A71561901F6BE3B900154EA2 /* Release */,
			);
			defaultConfigurationIsVisible = 0;
		};
/* End XCConfigurationList section */
	};
	rootObject = A715616F1F6BE3B900154EA2 /* Project object */;
}
