// !$*UTF8*$!
{
	archiveVersion = 1;
	classes = {
	};
	objectVersion = 46;
	objects = {

/* Begin PBXBuildFile section */
		A709A32A1E321E7A00964A94 /* main.m in Sources */ = {isa = PBXBuildFile; fileRef = A709A3291E321E7A00964A94 /* main.m */; };
		A709A32D1E321E7A00964A94 /* AppDelegate.m in Sources */ = {isa = PBXBuildFile; fileRef = A709A32C1E321E7A00964A94 /* AppDelegate.m */; };
		A709A3301E321E7A00964A94 /* ViewController.m in Sources */ = {isa = PBXBuildFile; fileRef = A709A32F1E321E7A00964A94 /* ViewController.m */; };
		A709A3331E321E7A00964A94 /* Main.storyboard in Resources */ = {isa = PBXBuildFile; fileRef = A709A3311E321E7A00964A94 /* Main.storyboard */; };
		A709A3351E321E7A00964A94 /* Assets.xcassets in Resources */ = {isa = PBXBuildFile; fileRef = A709A3341E321E7A00964A94 /* Assets.xcassets */; };
		A709A3381E321E7A00964A94 /* LaunchScreen.storyboard in Resources */ = {isa = PBXBuildFile; fileRef = A709A3361E321E7A00964A94 /* LaunchScreen.storyboard */; };
		A722240D1E326D4600521FF7 /* UIView+MyExt2.m in Sources */ = {isa = PBXBuildFile; fileRef = A722240B1E326D4600521FF7 /* UIView+MyExt2.m */; };
		A76C1E341E3267AC0033513A /* UIView+MyExt3.m in Sources */ = {isa = PBXBuildFile; fileRef = A76C1E331E3267AC0033513A /* UIView+MyExt3.m */; };
		A76C1E371E3267F80033513A /* UIView+Add1.m in Sources */ = {isa = PBXBuildFile; fileRef = A76C1E361E3267F80033513A /* UIView+Add1.m */; };
		A76C1E401E3269220033513A /* UIView+MyExt1.m in Sources */ = {isa = PBXBuildFile; fileRef = A76C1E3E1E3269220033513A /* UIView+MyExt1.m */; };
		A7C1926A1E326C5C004F3943 /* UIView+MyExt0.m in Sources */ = {isa = PBXBuildFile; fileRef = A7C192691E326C5C004F3943 /* UIView+MyExt0.m */; };
/* End PBXBuildFile section */

/* Begin PBXFileReference section */
		A709A3251E321E7A00964A94 /* CategoryDelegateUnsafeTest.app */ = {isa = PBXFileReference; explicitFileType = wrapper.application; includeInIndex = 0; path = CategoryDelegateUnsafeTest.app; sourceTree = BUILT_PRODUCTS_DIR; };
		A709A3291E321E7A00964A94 /* main.m */ = {isa = PBXFileReference; lastKnownFileType = sourcecode.c.objc; path = main.m; sourceTree = "<group>"; };
		A709A32B1E321E7A00964A94 /* AppDelegate.h */ = {isa = PBXFileReference; lastKnownFileType = sourcecode.c.h; path = AppDelegate.h; sourceTree = "<group>"; };
		A709A32C1E321E7A00964A94 /* AppDelegate.m */ = {isa = PBXFileReference; lastKnownFileType = sourcecode.c.objc; path = AppDelegate.m; sourceTree = "<group>"; };
		A709A32E1E321E7A00964A94 /* ViewController.h */ = {isa = PBXFileReference; lastKnownFileType = sourcecode.c.h; path = ViewController.h; sourceTree = "<group>"; };
		A709A32F1E321E7A00964A94 /* ViewController.m */ = {isa = PBXFileReference; lastKnownFileType = sourcecode.c.objc; path = ViewController.m; sourceTree = "<group>"; };
		A709A3321E321E7A00964A94 /* Base */ = {isa = PBXFileReference; lastKnownFileType = file.storyboard; name = Base; path = Base.lproj/Main.storyboard; sourceTree = "<group>"; };
		A709A3341E321E7A00964A94 /* Assets.xcassets */ = {isa = PBXFileReference; lastKnownFileType = folder.assetcatalog; path = Assets.xcassets; sourceTree = "<group>"; };
		A709A3371E321E7A00964A94 /* Base */ = {isa = PBXFileReference; lastKnownFileType = file.storyboard; name = Base; path = Base.lproj/LaunchScreen.storyboard; sourceTree = "<group>"; };
		A709A3391E321E7A00964A94 /* Info.plist */ = {isa = PBXFileReference; lastKnownFileType = text.plist.xml; path = Info.plist; sourceTree = "<group>"; };
		A722240B1E326D4600521FF7 /* UIView+MyExt2.m */ = {isa = PBXFileReference; fileEncoding = 4; lastKnownFileType = sourcecode.c.objc; path = "UIView+MyExt2.m"; sourceTree = "<group>"; };
		A722240C1E326D4600521FF7 /* UIView+MyExt2.h */ = {isa = PBXFileReference; fileEncoding = 4; lastKnownFileType = sourcecode.c.h; path = "UIView+MyExt2.h"; sourceTree = "<group>"; };
		A76C1E321E3267AC0033513A /* UIView+MyExt3.h */ = {isa = PBXFileReference; fileEncoding = 4; lastKnownFileType = sourcecode.c.h; path = "UIView+MyExt3.h"; sourceTree = "<group>"; };
		A76C1E331E3267AC0033513A /* UIView+MyExt3.m */ = {isa = PBXFileReference; fileEncoding = 4; lastKnownFileType = sourcecode.c.objc; path = "UIView+MyExt3.m"; sourceTree = "<group>"; };
		A76C1E351E3267F80033513A /* UIView+Add1.h */ = {isa = PBXFileReference; fileEncoding = 4; lastKnownFileType = sourcecode.c.h; path = "UIView+Add1.h"; sourceTree = "<group>"; };
		A76C1E361E3267F80033513A /* UIView+Add1.m */ = {isa = PBXFileReference; fileEncoding = 4; lastKnownFileType = sourcecode.c.objc; path = "UIView+Add1.m"; sourceTree = "<group>"; };
		A76C1E3E1E3269220033513A /* UIView+MyExt1.m */ = {isa = PBXFileReference; fileEncoding = 4; lastKnownFileType = sourcecode.c.objc; path = "UIView+MyExt1.m"; sourceTree = "<group>"; };
		A76C1E3F1E3269220033513A /* UIView+MyExt1.h */ = {isa = PBXFileReference; fileEncoding = 4; lastKnownFileType = sourcecode.c.h; path = "UIView+MyExt1.h"; sourceTree = "<group>"; };
		A7C192681E326C5C004F3943 /* UIView+MyExt0.h */ = {isa = PBXFileReference; fileEncoding = 4; lastKnownFileType = sourcecode.c.h; path = "UIView+MyExt0.h"; sourceTree = "<group>"; };
		A7C192691E326C5C004F3943 /* UIView+MyExt0.m */ = {isa = PBXFileReference; fileEncoding = 4; lastKnownFileType = sourcecode.c.objc; path = "UIView+MyExt0.m"; sourceTree = "<group>"; };
/* End PBXFileReference section */

/* Begin PBXFrameworksBuildPhase section */
		A709A3221E321E7A00964A94 /* Frameworks */ = {
			isa = PBXFrameworksBuildPhase;
			buildActionMask = 2147483647;
			files = (
			);
			runOnlyForDeploymentPostprocessing = 0;
		};
/* End PBXFrameworksBuildPhase section */

/* Begin PBXGroup section */
		A709A31C1E321E7A00964A94 = {
			isa = PBXGroup;
			children = (
				A709A3271E321E7A00964A94 /* CategoryDelegateUnsafeTest */,
				A709A3261E321E7A00964A94 /* Products */,
			);
			sourceTree = "<group>";
		};
		A709A3261E321E7A00964A94 /* Products */ = {
			isa = PBXGroup;
			children = (
				A709A3251E321E7A00964A94 /* CategoryDelegateUnsafeTest.app */,
			);
			name = Products;
			sourceTree = "<group>";
		};
		A709A3271E321E7A00964A94 /* CategoryDelegateUnsafeTest */ = {
			isa = PBXGroup;
			children = (
				A709A32B1E321E7A00964A94 /* AppDelegate.h */,
				A709A32C1E321E7A00964A94 /* AppDelegate.m */,
				A709A32E1E321E7A00964A94 /* ViewController.h */,
				A709A32F1E321E7A00964A94 /* ViewController.m */,
				A7C192681E326C5C004F3943 /* UIView+MyExt0.h */,
				A7C192691E326C5C004F3943 /* UIView+MyExt0.m */,
				A76C1E3F1E3269220033513A /* UIView+MyExt1.h */,
				A76C1E3E1E3269220033513A /* UIView+MyExt1.m */,
				A722240C1E326D4600521FF7 /* UIView+MyExt2.h */,
				A722240B1E326D4600521FF7 /* UIView+MyExt2.m */,
				A76C1E321E3267AC0033513A /* UIView+MyExt3.h */,
				A76C1E331E3267AC0033513A /* UIView+MyExt3.m */,
				A76C1E351E3267F80033513A /* UIView+Add1.h */,
				A76C1E361E3267F80033513A /* UIView+Add1.m */,
				A709A3311E321E7A00964A94 /* Main.storyboard */,
				A709A3341E321E7A00964A94 /* Assets.xcassets */,
				A709A3361E321E7A00964A94 /* LaunchScreen.storyboard */,
				A709A3391E321E7A00964A94 /* Info.plist */,
				A709A3281E321E7A00964A94 /* Supporting Files */,
			);
			path = CategoryDelegateUnsafeTest;
			sourceTree = "<group>";
		};
		A709A3281E321E7A00964A94 /* Supporting Files */ = {
			isa = PBXGroup;
			children = (
				A709A3291E321E7A00964A94 /* main.m */,
			);
			name = "Supporting Files";
			sourceTree = "<group>";
		};
/* End PBXGroup section */

/* Begin PBXNativeTarget section */
		A709A3241E321E7A00964A94 /* CategoryDelegateUnsafeTest */ = {
			isa = PBXNativeTarget;
			buildConfigurationList = A709A33C1E321E7A00964A94 /* Build configuration list for PBXNativeTarget "CategoryDelegateUnsafeTest" */;
			buildPhases = (
				A709A3211E321E7A00964A94 /* Sources */,
				A709A3221E321E7A00964A94 /* Frameworks */,
				A709A3231E321E7A00964A94 /* Resources */,
			);
			buildRules = (
			);
			dependencies = (
			);
			name = CategoryDelegateUnsafeTest;
			productName = CategoryDelegateUnsafeTest;
			productReference = A709A3251E321E7A00964A94 /* CategoryDelegateUnsafeTest.app */;
			productType = "com.apple.product-type.application";
		};
/* End PBXNativeTarget section */

/* Begin PBXProject section */
		A709A31D1E321E7A00964A94 /* Project object */ = {
			isa = PBXProject;
			attributes = {
				LastUpgradeCheck = 0820;
				ORGANIZATIONNAME = JXT;
				TargetAttributes = {
					A709A3241E321E7A00964A94 = {
						CreatedOnToolsVersion = 8.2;
						ProvisioningStyle = Automatic;
					};
				};
			};
			buildConfigurationList = A709A3201E321E7A00964A94 /* Build configuration list for PBXProject "CategoryDelegateUnsafeTest" */;
			compatibilityVersion = "Xcode 3.2";
			developmentRegion = English;
			hasScannedForEncodings = 0;
			knownRegions = (
				en,
				Base,
			);
			mainGroup = A709A31C1E321E7A00964A94;
			productRefGroup = A709A3261E321E7A00964A94 /* Products */;
			projectDirPath = "";
			projectRoot = "";
			targets = (
				A709A3241E321E7A00964A94 /* CategoryDelegateUnsafeTest */,
			);
		};
/* End PBXProject section */

/* Begin PBXResourcesBuildPhase section */
		A709A3231E321E7A00964A94 /* Resources */ = {
			isa = PBXResourcesBuildPhase;
			buildActionMask = 2147483647;
			files = (
				A709A3381E321E7A00964A94 /* LaunchScreen.storyboard in Resources */,
				A709A3351E321E7A00964A94 /* Assets.xcassets in Resources */,
				A709A3331E321E7A00964A94 /* Main.storyboard in Resources */,
			);
			runOnlyForDeploymentPostprocessing = 0;
		};
/* End PBXResourcesBuildPhase section */

/* Begin PBXSourcesBuildPhase section */
		A709A3211E321E7A00964A94 /* Sources */ = {
			isa = PBXSourcesBuildPhase;
			buildActionMask = 2147483647;
			files = (
				A76C1E341E3267AC0033513A /* UIView+MyExt3.m in Sources */,
				A76C1E371E3267F80033513A /* UIView+Add1.m in Sources */,
				A709A3301E321E7A00964A94 /* ViewController.m in Sources */,
				A709A32D1E321E7A00964A94 /* AppDelegate.m in Sources */,
				A7C1926A1E326C5C004F3943 /* UIView+MyExt0.m in Sources */,
				A76C1E401E3269220033513A /* UIView+MyExt1.m in Sources */,
				A709A32A1E321E7A00964A94 /* main.m in Sources */,
				A722240D1E326D4600521FF7 /* UIView+MyExt2.m in Sources */,
			);
			runOnlyForDeploymentPostprocessing = 0;
		};
/* End PBXSourcesBuildPhase section */

/* Begin PBXVariantGroup section */
		A709A3311E321E7A00964A94 /* Main.storyboard */ = {
			isa = PBXVariantGroup;
			children = (
				A709A3321E321E7A00964A94 /* Base */,
			);
			name = Main.storyboard;
			sourceTree = "<group>";
		};
		A709A3361E321E7A00964A94 /* LaunchScreen.storyboard */ = {
			isa = PBXVariantGroup;
			children = (
				A709A3371E321E7A00964A94 /* Base */,
			);
			name = LaunchScreen.storyboard;
			sourceTree = "<group>";
		};
/* End PBXVariantGroup section */

/* Begin XCBuildConfiguration section */
		A709A33A1E321E7A00964A94 /* Debug */ = {
			isa = XCBuildConfiguration;
			buildSettings = {
				ALWAYS_SEARCH_USER_PATHS = NO;
				CLANG_ANALYZER_NONNULL = YES;
				CLANG_CXX_LANGUAGE_STANDARD = "gnu++0x";
				CLANG_CXX_LIBRARY = "libc++";
				CLANG_ENABLE_MODULES = YES;
				CLANG_ENABLE_OBJC_ARC = YES;
				CLANG_WARN_BOOL_CONVERSION = YES;
				CLANG_WARN_CONSTANT_CONVERSION = YES;
				CLANG_WARN_DIRECT_OBJC_ISA_USAGE = YES_ERROR;
				CLANG_WARN_DOCUMENTATION_COMMENTS = YES;
				CLANG_WARN_EMPTY_BODY = YES;
				CLANG_WARN_ENUM_CONVERSION = YES;
				CLANG_WARN_INFINITE_RECURSION = YES;
				CLANG_WARN_INT_CONVERSION = YES;
				CLANG_WARN_OBJC_ROOT_CLASS = YES_ERROR;
				CLANG_WARN_SUSPICIOUS_MOVE = YES;
				CLANG_WARN_UNREACHABLE_CODE = YES;
				CLANG_WARN__DUPLICATE_METHOD_MATCH = YES;
				"CODE_SIGN_IDENTITY[sdk=iphoneos*]" = "iPhone Developer";
				COPY_PHASE_STRIP = NO;
				DEBUG_INFORMATION_FORMAT = dwarf;
				ENABLE_STRICT_OBJC_MSGSEND = YES;
				ENABLE_TESTABILITY = YES;
				GCC_C_LANGUAGE_STANDARD = gnu99;
				GCC_DYNAMIC_NO_PIC = NO;
				GCC_NO_COMMON_BLOCKS = YES;
				GCC_OPTIMIZATION_LEVEL = 0;
				GCC_PREPROCESSOR_DEFINITIONS = (
					"DEBUG=1",
					"$(inherited)",
				);
				GCC_WARN_64_TO_32_BIT_CONVERSION = YES;
				GCC_WARN_ABOUT_RETURN_TYPE = YES_ERROR;
				GCC_WARN_UNDECLARED_SELECTOR = YES;
				GCC_WARN_UNINITIALIZED_AUTOS = YES_AGGRESSIVE;
				GCC_WARN_UNUSED_FUNCTION = YES;
				GCC_WARN_UNUSED_VARIABLE = YES;
				IPHONEOS_DEPLOYMENT_TARGET = 8.0;
				MTL_ENABLE_DEBUG_INFO = YES;
				ONLY_ACTIVE_ARCH = YES;
				SDKROOT = iphoneos;
				TARGETED_DEVICE_FAMILY = "1,2";
			};
			name = Debug;
		};
		A709A33B1E321E7A00964A94 /* Release */ = {
			isa = XCBuildConfiguration;
			buildSettings = {
				ALWAYS_SEARCH_USER_PATHS = NO;
				CLANG_ANALYZER_NONNULL = YES;
				CLANG_CXX_LANGUAGE_STANDARD = "gnu++0x";
				CLANG_CXX_LIBRARY = "libc++";
				CLANG_ENABLE_MODULES = YES;
				CLANG_ENABLE_OBJC_ARC = YES;
				CLANG_WARN_BOOL_CONVERSION = YES;
				CLANG_WARN_CONSTANT_CONVERSION = YES;
				CLANG_WARN_DIRECT_OBJC_ISA_USAGE = YES_ERROR;
				CLANG_WARN_DOCUMENTATION_COMMENTS = YES;
				CLANG_WARN_EMPTY_BODY = YES;
				CLANG_WARN_ENUM_CONVERSION = YES;
				CLANG_WARN_INFINITE_RECURSION = YES;
				CLANG_WARN_INT_CONVERSION = YES;
				CLANG_WARN_OBJC_ROOT_CLASS = YES_ERROR;
				CLANG_WARN_SUSPICIOUS_MOVE = YES;
				CLANG_WARN_UNREACHABLE_CODE = YES;
				CLANG_WARN__DUPLICATE_METHOD_MATCH = YES;
				"CODE_SIGN_IDENTITY[sdk=iphoneos*]" = "iPhone Developer";
				COPY_PHASE_STRIP = NO;
				DEBUG_INFORMATION_FORMAT = "dwarf-with-dsym";
				ENABLE_NS_ASSERTIONS = NO;
				ENABLE_STRICT_OBJC_MSGSEND = YES;
				GCC_C_LANGUAGE_STANDARD = gnu99;
				GCC_NO_COMMON_BLOCKS = YES;
				GCC_WARN_64_TO_32_BIT_CONVERSION = YES;
				GCC_WARN_ABOUT_RETURN_TYPE = YES_ERROR;
				GCC_WARN_UNDECLARED_SELECTOR = YES;
				GCC_WARN_UNINITIALIZED_AUTOS = YES_AGGRESSIVE;
				GCC_WARN_UNUSED_FUNCTION = YES;
				GCC_WARN_UNUSED_VARIABLE = YES;
				IPHONEOS_DEPLOYMENT_TARGET = 8.0;
				MTL_ENABLE_DEBUG_INFO = NO;
				SDKROOT = iphoneos;
				TARGETED_DEVICE_FAMILY = "1,2";
				VALIDATE_PRODUCT = YES;
			};
			name = Release;
		};
		A709A33D1E321E7A00964A94 /* Debug */ = {
			isa = XCBuildConfiguration;
			buildSettings = {
				ASSETCATALOG_COMPILER_APPICON_NAME = AppIcon;
				INFOPLIST_FILE = CategoryDelegateUnsafeTest/Info.plist;
				LD_RUNPATH_SEARCH_PATHS = "$(inherited) @executable_path/Frameworks";
				PRODUCT_BUNDLE_IDENTIFIER = JXT.CategoryDelegateUnsafeTest;
				PRODUCT_NAME = "$(TARGET_NAME)";
			};
			name = Debug;
		};
		A709A33E1E321E7A00964A94 /* Release */ = {
			isa = XCBuildConfiguration;
			buildSettings = {
				ASSETCATALOG_COMPILER_APPICON_NAME = AppIcon;
				INFOPLIST_FILE = CategoryDelegateUnsafeTest/Info.plist;
				LD_RUNPATH_SEARCH_PATHS = "$(inherited) @executable_path/Frameworks";
				PRODUCT_BUNDLE_IDENTIFIER = JXT.CategoryDelegateUnsafeTest;
				PRODUCT_NAME = "$(TARGET_NAME)";
			};
			name = Release;
		};
/* End XCBuildConfiguration section */

/* Begin XCConfigurationList section */
		A709A3201E321E7A00964A94 /* Build configuration list for PBXProject "CategoryDelegateUnsafeTest" */ = {
			isa = XCConfigurationList;
			buildConfigurations = (
				A709A33A1E321E7A00964A94 /* Debug */,
				A709A33B1E321E7A00964A94 /* Release */,
			);
			defaultConfigurationIsVisible = 0;
			defaultConfigurationName = Release;
		};
		A709A33C1E321E7A00964A94 /* Build configuration list for PBXNativeTarget "CategoryDelegateUnsafeTest" */ = {
			isa = XCConfigurationList;
			buildConfigurations = (
				A709A33D1E321E7A00964A94 /* Debug */,
				A709A33E1E321E7A00964A94 /* Release */,
			);
			defaultConfigurationIsVisible = 0;
			defaultConfigurationName = Release;
		};
/* End XCConfigurationList section */
	};
	rootObject = A709A31D1E321E7A00964A94 /* Project object */;
}
