// !$*UTF8*$!
{
	archiveVersion = 1;
	classes = {
	};
	objectVersion = 46;
	objects = {

/* Begin PBXBuildFile section */
		A70C8B101E66B10A00A0DE9F /* main.m in Sources */ = {isa = PBXBuildFile; fileRef = A70C8B0F1E66B10A00A0DE9F /* main.m */; };
		A70C8B131E66B10A00A0DE9F /* AppDelegate.m in Sources */ = {isa = PBXBuildFile; fileRef = A70C8B121E66B10A00A0DE9F /* AppDelegate.m */; };
		A70C8B1B1E66B10A00A0DE9F /* Assets.xcassets in Resources */ = {isa = PBXBuildFile; fileRef = A70C8B1A1E66B10A00A0DE9F /* Assets.xcassets */; };
		A70C8B1E1E66B10A00A0DE9F /* LaunchScreen.storyboard in Resources */ = {isa = PBXBuildFile; fileRef = A70C8B1C1E66B10A00A0DE9F /* LaunchScreen.storyboard */; };
		A70C8B281E66B14C00A0DE9F /* MainViewController.m in Sources */ = {isa = PBXBuildFile; fileRef = A70C8B271E66B14C00A0DE9F /* MainViewController.m */; };
		A70C8B341E66B2B700A0DE9F /* MainModel.m in Sources */ = {isa = PBXBuildFile; fileRef = A70C8B331E66B2B700A0DE9F /* MainModel.m */; };
		A70C8B3A1E6708CE00A0DE9F /* BaseModel.m in Sources */ = {isa = PBXBuildFile; fileRef = A70C8B391E6708CE00A0DE9F /* BaseModel.m */; };
		A70C8B3E1E670B9000A0DE9F /* NetworkManager.m in Sources */ = {isa = PBXBuildFile; fileRef = A70C8B3D1E670B9000A0DE9F /* NetworkManager.m */; };
		A70C8B4A1E673D8A00A0DE9F /* DetailViewController.m in Sources */ = {isa = PBXBuildFile; fileRef = A70C8B491E673D8A00A0DE9F /* DetailViewController.m */; };
		A70C8B4D1E67B25100A0DE9F /* MainTableHeaderView.m in Sources */ = {isa = PBXBuildFile; fileRef = A70C8B4C1E67B25100A0DE9F /* MainTableHeaderView.m */; };
		A70C8B501E67B2DB00A0DE9F /* MainTableFooterView.m in Sources */ = {isa = PBXBuildFile; fileRef = A70C8B4F1E67B2DB00A0DE9F /* MainTableFooterView.m */; };
		A70C8B531E67B35A00A0DE9F /* MainTableViewCell.m in Sources */ = {isa = PBXBuildFile; fileRef = A70C8B521E67B35A00A0DE9F /* MainTableViewCell.m */; };
		A70C8B5A1E67B4A100A0DE9F /* BaseTableViewCell.m in Sources */ = {isa = PBXBuildFile; fileRef = A70C8B591E67B4A100A0DE9F /* BaseTableViewCell.m */; };
		A70C8B5E1E67C11200A0DE9F /* BaseTableArrayDataSource.m in Sources */ = {isa = PBXBuildFile; fileRef = A70C8B5D1E67C11200A0DE9F /* BaseTableArrayDataSource.m */; };
		A70C8B611E67C59B00A0DE9F /* BaseViewController.m in Sources */ = {isa = PBXBuildFile; fileRef = A70C8B601E67C59B00A0DE9F /* BaseViewController.m */; };
		A70C8B641E67E7EF00A0DE9F /* MainTableView.m in Sources */ = {isa = PBXBuildFile; fileRef = A70C8B631E67E7EF00A0DE9F /* MainTableView.m */; };
/* End PBXBuildFile section */

/* Begin PBXFileReference section */
		A70C8B0B1E66B10A00A0DE9F /* MVCDemo.app */ = {isa = PBXFileReference; explicitFileType = wrapper.application; includeInIndex = 0; path = MVCDemo.app; sourceTree = BUILT_PRODUCTS_DIR; };
		A70C8B0F1E66B10A00A0DE9F /* main.m */ = {isa = PBXFileReference; lastKnownFileType = sourcecode.c.objc; path = main.m; sourceTree = "<group>"; };
		A70C8B111E66B10A00A0DE9F /* AppDelegate.h */ = {isa = PBXFileReference; lastKnownFileType = sourcecode.c.h; path = AppDelegate.h; sourceTree = "<group>"; };
		A70C8B121E66B10A00A0DE9F /* AppDelegate.m */ = {isa = PBXFileReference; lastKnownFileType = sourcecode.c.objc; path = AppDelegate.m; sourceTree = "<group>"; };
		A70C8B1A1E66B10A00A0DE9F /* Assets.xcassets */ = {isa = PBXFileReference; lastKnownFileType = folder.assetcatalog; path = Assets.xcassets; sourceTree = "<group>"; };
		A70C8B1D1E66B10A00A0DE9F /* Base */ = {isa = PBXFileReference; lastKnownFileType = file.storyboard; name = Base; path = Base.lproj/LaunchScreen.storyboard; sourceTree = "<group>"; };
		A70C8B1F1E66B10A00A0DE9F /* Info.plist */ = {isa = PBXFileReference; lastKnownFileType = text.plist.xml; path = Info.plist; sourceTree = "<group>"; };
		A70C8B261E66B14C00A0DE9F /* MainViewController.h */ = {isa = PBXFileReference; fileEncoding = 4; lastKnownFileType = sourcecode.c.h; path = MainViewController.h; sourceTree = "<group>"; };
		A70C8B271E66B14C00A0DE9F /* MainViewController.m */ = {isa = PBXFileReference; fileEncoding = 4; lastKnownFileType = sourcecode.c.objc; path = MainViewController.m; sourceTree = "<group>"; };
		A70C8B321E66B2B700A0DE9F /* MainModel.h */ = {isa = PBXFileReference; fileEncoding = 4; lastKnownFileType = sourcecode.c.h; path = MainModel.h; sourceTree = "<group>"; };
		A70C8B331E66B2B700A0DE9F /* MainModel.m */ = {isa = PBXFileReference; fileEncoding = 4; lastKnownFileType = sourcecode.c.objc; path = MainModel.m; sourceTree = "<group>"; };
		A70C8B381E6708CE00A0DE9F /* BaseModel.h */ = {isa = PBXFileReference; fileEncoding = 4; lastKnownFileType = sourcecode.c.h; path = BaseModel.h; sourceTree = "<group>"; };
		A70C8B391E6708CE00A0DE9F /* BaseModel.m */ = {isa = PBXFileReference; fileEncoding = 4; lastKnownFileType = sourcecode.c.objc; path = BaseModel.m; sourceTree = "<group>"; };
		A70C8B3C1E670B9000A0DE9F /* NetworkManager.h */ = {isa = PBXFileReference; fileEncoding = 4; lastKnownFileType = sourcecode.c.h; path = NetworkManager.h; sourceTree = "<group>"; };
		A70C8B3D1E670B9000A0DE9F /* NetworkManager.m */ = {isa = PBXFileReference; fileEncoding = 4; lastKnownFileType = sourcecode.c.objc; path = NetworkManager.m; sourceTree = "<group>"; };
		A70C8B481E673D8A00A0DE9F /* DetailViewController.h */ = {isa = PBXFileReference; fileEncoding = 4; lastKnownFileType = sourcecode.c.h; path = DetailViewController.h; sourceTree = "<group>"; };
		A70C8B491E673D8A00A0DE9F /* DetailViewController.m */ = {isa = PBXFileReference; fileEncoding = 4; lastKnownFileType = sourcecode.c.objc; path = DetailViewController.m; sourceTree = "<group>"; };
		A70C8B4B1E67B25100A0DE9F /* MainTableHeaderView.h */ = {isa = PBXFileReference; fileEncoding = 4; lastKnownFileType = sourcecode.c.h; path = MainTableHeaderView.h; sourceTree = "<group>"; };
		A70C8B4C1E67B25100A0DE9F /* MainTableHeaderView.m */ = {isa = PBXFileReference; fileEncoding = 4; lastKnownFileType = sourcecode.c.objc; path = MainTableHeaderView.m; sourceTree = "<group>"; };
		A70C8B4E1E67B2DB00A0DE9F /* MainTableFooterView.h */ = {isa = PBXFileReference; fileEncoding = 4; lastKnownFileType = sourcecode.c.h; path = MainTableFooterView.h; sourceTree = "<group>"; };
		A70C8B4F1E67B2DB00A0DE9F /* MainTableFooterView.m */ = {isa = PBXFileReference; fileEncoding = 4; lastKnownFileType = sourcecode.c.objc; path = MainTableFooterView.m; sourceTree = "<group>"; };
		A70C8B511E67B35A00A0DE9F /* MainTableViewCell.h */ = {isa = PBXFileReference; fileEncoding = 4; lastKnownFileType = sourcecode.c.h; path = MainTableViewCell.h; sourceTree = "<group>"; };
		A70C8B521E67B35A00A0DE9F /* MainTableViewCell.m */ = {isa = PBXFileReference; fileEncoding = 4; lastKnownFileType = sourcecode.c.objc; path = MainTableViewCell.m; sourceTree = "<group>"; };
		A70C8B581E67B4A100A0DE9F /* BaseTableViewCell.h */ = {isa = PBXFileReference; fileEncoding = 4; lastKnownFileType = sourcecode.c.h; path = BaseTableViewCell.h; sourceTree = "<group>"; };
		A70C8B591E67B4A100A0DE9F /* BaseTableViewCell.m */ = {isa = PBXFileReference; fileEncoding = 4; lastKnownFileType = sourcecode.c.objc; path = BaseTableViewCell.m; sourceTree = "<group>"; };
		A70C8B5C1E67C11200A0DE9F /* BaseTableArrayDataSource.h */ = {isa = PBXFileReference; fileEncoding = 4; lastKnownFileType = sourcecode.c.h; path = BaseTableArrayDataSource.h; sourceTree = "<group>"; };
		A70C8B5D1E67C11200A0DE9F /* BaseTableArrayDataSource.m */ = {isa = PBXFileReference; fileEncoding = 4; lastKnownFileType = sourcecode.c.objc; path = BaseTableArrayDataSource.m; sourceTree = "<group>"; };
		A70C8B5F1E67C59B00A0DE9F /* BaseViewController.h */ = {isa = PBXFileReference; fileEncoding = 4; lastKnownFileType = sourcecode.c.h; path = BaseViewController.h; sourceTree = "<group>"; };
		A70C8B601E67C59B00A0DE9F /* BaseViewController.m */ = {isa = PBXFileReference; fileEncoding = 4; lastKnownFileType = sourcecode.c.objc; path = BaseViewController.m; sourceTree = "<group>"; };
		A70C8B621E67E7EF00A0DE9F /* MainTableView.h */ = {isa = PBXFileReference; fileEncoding = 4; lastKnownFileType = sourcecode.c.h; path = MainTableView.h; sourceTree = "<group>"; };
		A70C8B631E67E7EF00A0DE9F /* MainTableView.m */ = {isa = PBXFileReference; fileEncoding = 4; lastKnownFileType = sourcecode.c.objc; path = MainTableView.m; sourceTree = "<group>"; };
/* End PBXFileReference section */

/* Begin PBXFrameworksBuildPhase section */
		A70C8B081E66B10A00A0DE9F /* Frameworks */ = {
			isa = PBXFrameworksBuildPhase;
			buildActionMask = 2147483647;
			files = (
			);
			runOnlyForDeploymentPostprocessing = 0;
		};
/* End PBXFrameworksBuildPhase section */

/* Begin PBXGroup section */
		A70C8B021E66B10A00A0DE9F = {
			isa = PBXGroup;
			children = (
				A70C8B0D1E66B10A00A0DE9F /* MVCDemo */,
				A70C8B0C1E66B10A00A0DE9F /* Products */,
			);
			sourceTree = "<group>";
		};
		A70C8B0C1E66B10A00A0DE9F /* Products */ = {
			isa = PBXGroup;
			children = (
				A70C8B0B1E66B10A00A0DE9F /* MVCDemo.app */,
			);
			name = Products;
			sourceTree = "<group>";
		};
		A70C8B0D1E66B10A00A0DE9F /* MVCDemo */ = {
			isa = PBXGroup;
			children = (
				A70C8B111E66B10A00A0DE9F /* AppDelegate.h */,
				A70C8B121E66B10A00A0DE9F /* AppDelegate.m */,
				A70C8B541E67B3EB00A0DE9F /* BaseClasses */,
				A70C8B3B1E670B6500A0DE9F /* NetWork */,
				A70C8B251E66B11700A0DE9F /* MainInterface */,
				A70C8B471E673D5900A0DE9F /* DetailInterface */,
				A70C8B1A1E66B10A00A0DE9F /* Assets.xcassets */,
				A70C8B1C1E66B10A00A0DE9F /* LaunchScreen.storyboard */,
				A70C8B1F1E66B10A00A0DE9F /* Info.plist */,
				A70C8B0E1E66B10A00A0DE9F /* Supporting Files */,
			);
			path = MVCDemo;
			sourceTree = "<group>";
		};
		A70C8B0E1E66B10A00A0DE9F /* Supporting Files */ = {
			isa = PBXGroup;
			children = (
				A70C8B0F1E66B10A00A0DE9F /* main.m */,
			);
			name = "Supporting Files";
			sourceTree = "<group>";
		};
		A70C8B251E66B11700A0DE9F /* MainInterface */ = {
			isa = PBXGroup;
			children = (
				A70C8B2B1E66B16900A0DE9F /* Model */,
				A70C8B2A1E66B16100A0DE9F /* View */,
				A70C8B291E66B15000A0DE9F /* Controller */,
			);
			name = MainInterface;
			sourceTree = "<group>";
		};
		A70C8B291E66B15000A0DE9F /* Controller */ = {
			isa = PBXGroup;
			children = (
				A70C8B261E66B14C00A0DE9F /* MainViewController.h */,
				A70C8B271E66B14C00A0DE9F /* MainViewController.m */,
			);
			name = Controller;
			sourceTree = "<group>";
		};
		A70C8B2A1E66B16100A0DE9F /* View */ = {
			isa = PBXGroup;
			children = (
				A70C8B4B1E67B25100A0DE9F /* MainTableHeaderView.h */,
				A70C8B4C1E67B25100A0DE9F /* MainTableHeaderView.m */,
				A70C8B4E1E67B2DB00A0DE9F /* MainTableFooterView.h */,
				A70C8B4F1E67B2DB00A0DE9F /* MainTableFooterView.m */,
				A70C8B511E67B35A00A0DE9F /* MainTableViewCell.h */,
				A70C8B521E67B35A00A0DE9F /* MainTableViewCell.m */,
				A70C8B621E67E7EF00A0DE9F /* MainTableView.h */,
				A70C8B631E67E7EF00A0DE9F /* MainTableView.m */,
			);
			name = View;
			sourceTree = "<group>";
		};
		A70C8B2B1E66B16900A0DE9F /* Model */ = {
			isa = PBXGroup;
			children = (
				A70C8B321E66B2B700A0DE9F /* MainModel.h */,
				A70C8B331E66B2B700A0DE9F /* MainModel.m */,
			);
			name = Model;
			sourceTree = "<group>";
		};
		A70C8B3B1E670B6500A0DE9F /* NetWork */ = {
			isa = PBXGroup;
			children = (
				A70C8B3C1E670B9000A0DE9F /* NetworkManager.h */,
				A70C8B3D1E670B9000A0DE9F /* NetworkManager.m */,
			);
			name = NetWork;
			sourceTree = "<group>";
		};
		A70C8B471E673D5900A0DE9F /* DetailInterface */ = {
			isa = PBXGroup;
			children = (
				A70C8B481E673D8A00A0DE9F /* DetailViewController.h */,
				A70C8B491E673D8A00A0DE9F /* DetailViewController.m */,
			);
			name = DetailInterface;
			sourceTree = "<group>";
		};
		A70C8B541E67B3EB00A0DE9F /* BaseClasses */ = {
			isa = PBXGroup;
			children = (
				A70C8B551E67B41400A0DE9F /* Model */,
				A70C8B561E67B42000A0DE9F /* View */,
				A70C8B571E67B42600A0DE9F /* Controller */,
			);
			name = BaseClasses;
			sourceTree = "<group>";
		};
		A70C8B551E67B41400A0DE9F /* Model */ = {
			isa = PBXGroup;
			children = (
				A70C8B381E6708CE00A0DE9F /* BaseModel.h */,
				A70C8B391E6708CE00A0DE9F /* BaseModel.m */,
			);
			name = Model;
			sourceTree = "<group>";
		};
		A70C8B561E67B42000A0DE9F /* View */ = {
			isa = PBXGroup;
			children = (
				A70C8B581E67B4A100A0DE9F /* BaseTableViewCell.h */,
				A70C8B591E67B4A100A0DE9F /* BaseTableViewCell.m */,
				A70C8B5C1E67C11200A0DE9F /* BaseTableArrayDataSource.h */,
				A70C8B5D1E67C11200A0DE9F /* BaseTableArrayDataSource.m */,
			);
			name = View;
			sourceTree = "<group>";
		};
		A70C8B571E67B42600A0DE9F /* Controller */ = {
			isa = PBXGroup;
			children = (
				A70C8B5F1E67C59B00A0DE9F /* BaseViewController.h */,
				A70C8B601E67C59B00A0DE9F /* BaseViewController.m */,
			);
			name = Controller;
			sourceTree = "<group>";
		};
/* End PBXGroup section */

/* Begin PBXNativeTarget section */
		A70C8B0A1E66B10A00A0DE9F /* MVCDemo */ = {
			isa = PBXNativeTarget;
			buildConfigurationList = A70C8B221E66B10A00A0DE9F /* Build configuration list for PBXNativeTarget "MVCDemo" */;
			buildPhases = (
				A70C8B071E66B10A00A0DE9F /* Sources */,
				A70C8B081E66B10A00A0DE9F /* Frameworks */,
				A70C8B091E66B10A00A0DE9F /* Resources */,
			);
			buildRules = (
			);
			dependencies = (
			);
			name = MVCDemo;
			productName = MVCDemo;
			productReference = A70C8B0B1E66B10A00A0DE9F /* MVCDemo.app */;
			productType = "com.apple.product-type.application";
		};
/* End PBXNativeTarget section */

/* Begin PBXProject section */
		A70C8B031E66B10A00A0DE9F /* Project object */ = {
			isa = PBXProject;
			attributes = {
				LastUpgradeCheck = 0820;
				ORGANIZATIONNAME = JXT;
				TargetAttributes = {
					A70C8B0A1E66B10A00A0DE9F = {
						CreatedOnToolsVersion = 8.2;
						ProvisioningStyle = Automatic;
					};
				};
			};
			buildConfigurationList = A70C8B061E66B10A00A0DE9F /* Build configuration list for PBXProject "MVCDemo" */;
			compatibilityVersion = "Xcode 3.2";
			developmentRegion = English;
			hasScannedForEncodings = 0;
			knownRegions = (
				en,
				Base,
			);
			mainGroup = A70C8B021E66B10A00A0DE9F;
			productRefGroup = A70C8B0C1E66B10A00A0DE9F /* Products */;
			projectDirPath = "";
			projectRoot = "";
			targets = (
				A70C8B0A1E66B10A00A0DE9F /* MVCDemo */,
			);
		};
/* End PBXProject section */

/* Begin PBXResourcesBuildPhase section */
		A70C8B091E66B10A00A0DE9F /* Resources */ = {
			isa = PBXResourcesBuildPhase;
			buildActionMask = 2147483647;
			files = (
				A70C8B1E1E66B10A00A0DE9F /* LaunchScreen.storyboard in Resources */,
				A70C8B1B1E66B10A00A0DE9F /* Assets.xcassets in Resources */,
			);
			runOnlyForDeploymentPostprocessing = 0;
		};
/* End PBXResourcesBuildPhase section */

/* Begin PBXSourcesBuildPhase section */
		A70C8B071E66B10A00A0DE9F /* Sources */ = {
			isa = PBXSourcesBuildPhase;
			buildActionMask = 2147483647;
			files = (
				A70C8B131E66B10A00A0DE9F /* AppDelegate.m in Sources */,
				A70C8B4D1E67B25100A0DE9F /* MainTableHeaderView.m in Sources */,
				A70C8B641E67E7EF00A0DE9F /* MainTableView.m in Sources */,
				A70C8B3A1E6708CE00A0DE9F /* BaseModel.m in Sources */,
				A70C8B341E66B2B700A0DE9F /* MainModel.m in Sources */,
				A70C8B101E66B10A00A0DE9F /* main.m in Sources */,
				A70C8B611E67C59B00A0DE9F /* BaseViewController.m in Sources */,
				A70C8B531E67B35A00A0DE9F /* MainTableViewCell.m in Sources */,
				A70C8B501E67B2DB00A0DE9F /* MainTableFooterView.m in Sources */,
				A70C8B5A1E67B4A100A0DE9F /* BaseTableViewCell.m in Sources */,
				A70C8B3E1E670B9000A0DE9F /* NetworkManager.m in Sources */,
				A70C8B5E1E67C11200A0DE9F /* BaseTableArrayDataSource.m in Sources */,
				A70C8B281E66B14C00A0DE9F /* MainViewController.m in Sources */,
				A70C8B4A1E673D8A00A0DE9F /* DetailViewController.m in Sources */,
			);
			runOnlyForDeploymentPostprocessing = 0;
		};
/* End PBXSourcesBuildPhase section */

/* Begin PBXVariantGroup section */
		A70C8B1C1E66B10A00A0DE9F /* LaunchScreen.storyboard */ = {
			isa = PBXVariantGroup;
			children = (
				A70C8B1D1E66B10A00A0DE9F /* Base */,
			);
			name = LaunchScreen.storyboard;
			sourceTree = "<group>";
		};
/* End PBXVariantGroup section */

/* Begin XCBuildConfiguration section */
		A70C8B201E66B10A00A0DE9F /* Debug */ = {
			isa = XCBuildConfiguration;
			buildSettings = {
				ALWAYS_SEARCH_USER_PATHS = NO;
				CLANG_ANALYZER_NONNULL = YES;
				CLANG_CXX_LANGUAGE_STANDARD = "gnu++0x";
				CLANG_CXX_LIBRARY = "libc++";
				CLANG_ENABLE_MODULES = YES;
				CLANG_ENABLE_OBJC_ARC = YES;
				CLANG_WARN_BOOL_CONVERSION = YES;
				CLANG_WARN_CONSTANT_CONVERSION = YES;
				CLANG_WARN_DIRECT_OBJC_ISA_USAGE = YES_ERROR;
				CLANG_WARN_DOCUMENTATION_COMMENTS = YES;
				CLANG_WARN_EMPTY_BODY = YES;
				CLANG_WARN_ENUM_CONVERSION = YES;
				CLANG_WARN_INFINITE_RECURSION = YES;
				CLANG_WARN_INT_CONVERSION = YES;
				CLANG_WARN_OBJC_ROOT_CLASS = YES_ERROR;
				CLANG_WARN_SUSPICIOUS_MOVE = YES;
				CLANG_WARN_UNREACHABLE_CODE = YES;
				CLANG_WARN__DUPLICATE_METHOD_MATCH = YES;
				"CODE_SIGN_IDENTITY[sdk=iphoneos*]" = "iPhone Developer";
				COPY_PHASE_STRIP = NO;
				DEBUG_INFORMATION_FORMAT = dwarf;
				ENABLE_STRICT_OBJC_MSGSEND = YES;
				ENABLE_TESTABILITY = YES;
				GCC_C_LANGUAGE_STANDARD = gnu99;
				GCC_DYNAMIC_NO_PIC = NO;
				GCC_NO_COMMON_BLOCKS = YES;
				GCC_OPTIMIZATION_LEVEL = 0;
				GCC_PREPROCESSOR_DEFINITIONS = (
					"DEBUG=1",
					"$(inherited)",
				);
				GCC_WARN_64_TO_32_BIT_CONVERSION = YES;
				GCC_WARN_ABOUT_RETURN_TYPE = YES_ERROR;
				GCC_WARN_UNDECLARED_SELECTOR = YES;
				GCC_WARN_UNINITIALIZED_AUTOS = YES_AGGRESSIVE;
				GCC_WARN_UNUSED_FUNCTION = YES;
				GCC_WARN_UNUSED_VARIABLE = YES;
				IPHONEOS_DEPLOYMENT_TARGET = 8.0;
				MTL_ENABLE_DEBUG_INFO = YES;
				ONLY_ACTIVE_ARCH = YES;
				SDKROOT = iphoneos;
				TARGETED_DEVICE_FAMILY = "1,2";
			};
			name = Debug;
		};
		A70C8B211E66B10A00A0DE9F /* Release */ = {
			isa = XCBuildConfiguration;
			buildSettings = {
				ALWAYS_SEARCH_USER_PATHS = NO;
				CLANG_ANALYZER_NONNULL = YES;
				CLANG_CXX_LANGUAGE_STANDARD = "gnu++0x";
				CLANG_CXX_LIBRARY = "libc++";
				CLANG_ENABLE_MODULES = YES;
				CLANG_ENABLE_OBJC_ARC = YES;
				CLANG_WARN_BOOL_CONVERSION = YES;
				CLANG_WARN_CONSTANT_CONVERSION = YES;
				CLANG_WARN_DIRECT_OBJC_ISA_USAGE = YES_ERROR;
				CLANG_WARN_DOCUMENTATION_COMMENTS = YES;
				CLANG_WARN_EMPTY_BODY = YES;
				CLANG_WARN_ENUM_CONVERSION = YES;
				CLANG_WARN_INFINITE_RECURSION = YES;
				CLANG_WARN_INT_CONVERSION = YES;
				CLANG_WARN_OBJC_ROOT_CLASS = YES_ERROR;
				CLANG_WARN_SUSPICIOUS_MOVE = YES;
				CLANG_WARN_UNREACHABLE_CODE = YES;
				CLANG_WARN__DUPLICATE_METHOD_MATCH = YES;
				"CODE_SIGN_IDENTITY[sdk=iphoneos*]" = "iPhone Developer";
				COPY_PHASE_STRIP = NO;
				DEBUG_INFORMATION_FORMAT = "dwarf-with-dsym";
				ENABLE_NS_ASSERTIONS = NO;
				ENABLE_STRICT_OBJC_MSGSEND = YES;
				GCC_C_LANGUAGE_STANDARD = gnu99;
				GCC_NO_COMMON_BLOCKS = YES;
				GCC_WARN_64_TO_32_BIT_CONVERSION = YES;
				GCC_WARN_ABOUT_RETURN_TYPE = YES_ERROR;
				GCC_WARN_UNDECLARED_SELECTOR = YES;
				GCC_WARN_UNINITIALIZED_AUTOS = YES_AGGRESSIVE;
				GCC_WARN_UNUSED_FUNCTION = YES;
				GCC_WARN_UNUSED_VARIABLE = YES;
				IPHONEOS_DEPLOYMENT_TARGET = 8.0;
				MTL_ENABLE_DEBUG_INFO = NO;
				SDKROOT = iphoneos;
				TARGETED_DEVICE_FAMILY = "1,2";
				VALIDATE_PRODUCT = YES;
			};
			name = Release;
		};
		A70C8B231E66B10A00A0DE9F /* Debug */ = {
			isa = XCBuildConfiguration;
			buildSettings = {
				ASSETCATALOG_COMPILER_APPICON_NAME = AppIcon;
				INFOPLIST_FILE = MVCDemo/Info.plist;
				LD_RUNPATH_SEARCH_PATHS = "$(inherited) @executable_path/Frameworks";
				PRODUCT_BUNDLE_IDENTIFIER = JXT.MVCDemo;
				PRODUCT_NAME = "$(TARGET_NAME)";
			};
			name = Debug;
		};
		A70C8B241E66B10A00A0DE9F /* Release */ = {
			isa = XCBuildConfiguration;
			buildSettings = {
				ASSETCATALOG_COMPILER_APPICON_NAME = AppIcon;
				INFOPLIST_FILE = MVCDemo/Info.plist;
				LD_RUNPATH_SEARCH_PATHS = "$(inherited) @executable_path/Frameworks";
				PRODUCT_BUNDLE_IDENTIFIER = JXT.MVCDemo;
				PRODUCT_NAME = "$(TARGET_NAME)";
			};
			name = Release;
		};
/* End XCBuildConfiguration section */

/* Begin XCConfigurationList section */
		A70C8B061E66B10A00A0DE9F /* Build configuration list for PBXProject "MVCDemo" */ = {
			isa = XCConfigurationList;
			buildConfigurations = (
				A70C8B201E66B10A00A0DE9F /* Debug */,
				A70C8B211E66B10A00A0DE9F /* Release */,
			);
			defaultConfigurationIsVisible = 0;
			defaultConfigurationName = Release;
		};
		A70C8B221E66B10A00A0DE9F /* Build configuration list for PBXNativeTarget "MVCDemo" */ = {
			isa = XCConfigurationList;
			buildConfigurations = (
				A70C8B231E66B10A00A0DE9F /* Debug */,
				A70C8B241E66B10A00A0DE9F /* Release */,
			);
			defaultConfigurationIsVisible = 0;
			defaultConfigurationName = Release;
		};
/* End XCConfigurationList section */
	};
	rootObject = A70C8B031E66B10A00A0DE9F /* Project object */;
}
