// !$*UTF8*$!
{
	archiveVersion = 1;
	classes = {
	};
	objectVersion = 46;
	objects = {

/* Begin PBXBuildFile section */
		A7695C0C1E7187CE0049E550 /* main.m in Sources */ = {isa = PBXBuildFile; fileRef = A7695C0B1E7187CE0049E550 /* main.m */; };
		A7695C0F1E7187CE0049E550 /* AppDelegate.m in Sources */ = {isa = PBXBuildFile; fileRef = A7695C0E1E7187CE0049E550 /* AppDelegate.m */; };
		A7695C121E7187CE0049E550 /* ViewController.m in Sources */ = {isa = PBXBuildFile; fileRef = A7695C111E7187CE0049E550 /* ViewController.m */; };
		A7695C151E7187CE0049E550 /* Main.storyboard in Resources */ = {isa = PBXBuildFile; fileRef = A7695C131E7187CE0049E550 /* Main.storyboard */; };
		A7695C171E7187CE0049E550 /* Assets.xcassets in Resources */ = {isa = PBXBuildFile; fileRef = A7695C161E7187CE0049E550 /* Assets.xcassets */; };
		A7695C1A1E7187CE0049E550 /* LaunchScreen.storyboard in Resources */ = {isa = PBXBuildFile; fileRef = A7695C181E7187CE0049E550 /* LaunchScreen.storyboard */; };
		A7695C231E7187D90049E550 /* View1.m in Sources */ = {isa = PBXBuildFile; fileRef = A7695C221E7187D90049E550 /* View1.m */; };
		A7695C261E7187E30049E550 /* View2.m in Sources */ = {isa = PBXBuildFile; fileRef = A7695C251E7187E30049E550 /* View2.m */; };
		A7695C291E718BCE0049E550 /* View3.m in Sources */ = {isa = PBXBuildFile; fileRef = A7695C281E718BCE0049E550 /* View3.m */; };
/* End PBXBuildFile section */

/* Begin PBXFileReference section */
		A7695C071E7187CE0049E550 /* AddSubviewToLayout.app */ = {isa = PBXFileReference; explicitFileType = wrapper.application; includeInIndex = 0; path = AddSubviewToLayout.app; sourceTree = BUILT_PRODUCTS_DIR; };
		A7695C0B1E7187CE0049E550 /* main.m */ = {isa = PBXFileReference; lastKnownFileType = sourcecode.c.objc; path = main.m; sourceTree = "<group>"; };
		A7695C0D1E7187CE0049E550 /* AppDelegate.h */ = {isa = PBXFileReference; lastKnownFileType = sourcecode.c.h; path = AppDelegate.h; sourceTree = "<group>"; };
		A7695C0E1E7187CE0049E550 /* AppDelegate.m */ = {isa = PBXFileReference; lastKnownFileType = sourcecode.c.objc; path = AppDelegate.m; sourceTree = "<group>"; };
		A7695C101E7187CE0049E550 /* ViewController.h */ = {isa = PBXFileReference; lastKnownFileType = sourcecode.c.h; path = ViewController.h; sourceTree = "<group>"; };
		A7695C111E7187CE0049E550 /* ViewController.m */ = {isa = PBXFileReference; lastKnownFileType = sourcecode.c.objc; path = ViewController.m; sourceTree = "<group>"; };
		A7695C141E7187CE0049E550 /* Base */ = {isa = PBXFileReference; lastKnownFileType = file.storyboard; name = Base; path = Base.lproj/Main.storyboard; sourceTree = "<group>"; };
		A7695C161E7187CE0049E550 /* Assets.xcassets */ = {isa = PBXFileReference; lastKnownFileType = folder.assetcatalog; path = Assets.xcassets; sourceTree = "<group>"; };
		A7695C191E7187CE0049E550 /* Base */ = {isa = PBXFileReference; lastKnownFileType = file.storyboard; name = Base; path = Base.lproj/LaunchScreen.storyboard; sourceTree = "<group>"; };
		A7695C1B1E7187CE0049E550 /* Info.plist */ = {isa = PBXFileReference; lastKnownFileType = text.plist.xml; path = Info.plist; sourceTree = "<group>"; };
		A7695C211E7187D90049E550 /* View1.h */ = {isa = PBXFileReference; fileEncoding = 4; lastKnownFileType = sourcecode.c.h; path = View1.h; sourceTree = "<group>"; };
		A7695C221E7187D90049E550 /* View1.m */ = {isa = PBXFileReference; fileEncoding = 4; lastKnownFileType = sourcecode.c.objc; path = View1.m; sourceTree = "<group>"; };
		A7695C241E7187E30049E550 /* View2.h */ = {isa = PBXFileReference; fileEncoding = 4; lastKnownFileType = sourcecode.c.h; path = View2.h; sourceTree = "<group>"; };
		A7695C251E7187E30049E550 /* View2.m */ = {isa = PBXFileReference; fileEncoding = 4; lastKnownFileType = sourcecode.c.objc; path = View2.m; sourceTree = "<group>"; };
		A7695C271E718BCE0049E550 /* View3.h */ = {isa = PBXFileReference; fileEncoding = 4; lastKnownFileType = sourcecode.c.h; path = View3.h; sourceTree = "<group>"; };
		A7695C281E718BCE0049E550 /* View3.m */ = {isa = PBXFileReference; fileEncoding = 4; lastKnownFileType = sourcecode.c.objc; path = View3.m; sourceTree = "<group>"; };
/* End PBXFileReference section */

/* Begin PBXFrameworksBuildPhase section */
		A7695C041E7187CE0049E550 /* Frameworks */ = {
			isa = PBXFrameworksBuildPhase;
			buildActionMask = 2147483647;
			files = (
			);
			runOnlyForDeploymentPostprocessing = 0;
		};
/* End PBXFrameworksBuildPhase section */

/* Begin PBXGroup section */
		A7695BFE1E7187CE0049E550 = {
			isa = PBXGroup;
			children = (
				A7695C091E7187CE0049E550 /* AddSubviewToLayout */,
				A7695C081E7187CE0049E550 /* Products */,
			);
			sourceTree = "<group>";
		};
		A7695C081E7187CE0049E550 /* Products */ = {
			isa = PBXGroup;
			children = (
				A7695C071E7187CE0049E550 /* AddSubviewToLayout.app */,
			);
			name = Products;
			sourceTree = "<group>";
		};
		A7695C091E7187CE0049E550 /* AddSubviewToLayout */ = {
			isa = PBXGroup;
			children = (
				A7695C0D1E7187CE0049E550 /* AppDelegate.h */,
				A7695C0E1E7187CE0049E550 /* AppDelegate.m */,
				A7695C101E7187CE0049E550 /* ViewController.h */,
				A7695C111E7187CE0049E550 /* ViewController.m */,
				A7695C211E7187D90049E550 /* View1.h */,
				A7695C221E7187D90049E550 /* View1.m */,
				A7695C241E7187E30049E550 /* View2.h */,
				A7695C251E7187E30049E550 /* View2.m */,
				A7695C271E718BCE0049E550 /* View3.h */,
				A7695C281E718BCE0049E550 /* View3.m */,
				A7695C131E7187CE0049E550 /* Main.storyboard */,
				A7695C161E7187CE0049E550 /* Assets.xcassets */,
				A7695C181E7187CE0049E550 /* LaunchScreen.storyboard */,
				A7695C1B1E7187CE0049E550 /* Info.plist */,
				A7695C0A1E7187CE0049E550 /* Supporting Files */,
			);
			path = AddSubviewToLayout;
			sourceTree = "<group>";
		};
		A7695C0A1E7187CE0049E550 /* Supporting Files */ = {
			isa = PBXGroup;
			children = (
				A7695C0B1E7187CE0049E550 /* main.m */,
			);
			name = "Supporting Files";
			sourceTree = "<group>";
		};
/* End PBXGroup section */

/* Begin PBXNativeTarget section */
		A7695C061E7187CE0049E550 /* AddSubviewToLayout */ = {
			isa = PBXNativeTarget;
			buildConfigurationList = A7695C1E1E7187CE0049E550 /* Build configuration list for PBXNativeTarget "AddSubviewToLayout" */;
			buildPhases = (
				A7695C031E7187CE0049E550 /* Sources */,
				A7695C041E7187CE0049E550 /* Frameworks */,
				A7695C051E7187CE0049E550 /* Resources */,
			);
			buildRules = (
			);
			dependencies = (
			);
			name = AddSubviewToLayout;
			productName = AddSubviewToLayout;
			productReference = A7695C071E7187CE0049E550 /* AddSubviewToLayout.app */;
			productType = "com.apple.product-type.application";
		};
/* End PBXNativeTarget section */

/* Begin PBXProject section */
		A7695BFF1E7187CE0049E550 /* Project object */ = {
			isa = PBXProject;
			attributes = {
				LastUpgradeCheck = 0820;
				ORGANIZATIONNAME = JXT;
				TargetAttributes = {
					A7695C061E7187CE0049E550 = {
						CreatedOnToolsVersion = 8.2;
						ProvisioningStyle = Automatic;
					};
				};
			};
			buildConfigurationList = A7695C021E7187CE0049E550 /* Build configuration list for PBXProject "AddSubviewToLayout" */;
			compatibilityVersion = "Xcode 3.2";
			developmentRegion = English;
			hasScannedForEncodings = 0;
			knownRegions = (
				en,
				Base,
			);
			mainGroup = A7695BFE1E7187CE0049E550;
			productRefGroup = A7695C081E7187CE0049E550 /* Products */;
			projectDirPath = "";
			projectRoot = "";
			targets = (
				A7695C061E7187CE0049E550 /* AddSubviewToLayout */,
			);
		};
/* End PBXProject section */

/* Begin PBXResourcesBuildPhase section */
		A7695C051E7187CE0049E550 /* Resources */ = {
			isa = PBXResourcesBuildPhase;
			buildActionMask = 2147483647;
			files = (
				A7695C1A1E7187CE0049E550 /* LaunchScreen.storyboard in Resources */,
				A7695C171E7187CE0049E550 /* Assets.xcassets in Resources */,
				A7695C151E7187CE0049E550 /* Main.storyboard in Resources */,
			);
			runOnlyForDeploymentPostprocessing = 0;
		};
/* End PBXResourcesBuildPhase section */

/* Begin PBXSourcesBuildPhase section */
		A7695C031E7187CE0049E550 /* Sources */ = {
			isa = PBXSourcesBuildPhase;
			buildActionMask = 2147483647;
			files = (
				A7695C291E718BCE0049E550 /* View3.m in Sources */,
				A7695C121E7187CE0049E550 /* ViewController.m in Sources */,
				A7695C0F1E7187CE0049E550 /* AppDelegate.m in Sources */,
				A7695C261E7187E30049E550 /* View2.m in Sources */,
				A7695C231E7187D90049E550 /* View1.m in Sources */,
				A7695C0C1E7187CE0049E550 /* main.m in Sources */,
			);
			runOnlyForDeploymentPostprocessing = 0;
		};
/* End PBXSourcesBuildPhase section */

/* Begin PBXVariantGroup section */
		A7695C131E7187CE0049E550 /* Main.storyboard */ = {
			isa = PBXVariantGroup;
			children = (
				A7695C141E7187CE0049E550 /* Base */,
			);
			name = Main.storyboard;
			sourceTree = "<group>";
		};
		A7695C181E7187CE0049E550 /* LaunchScreen.storyboard */ = {
			isa = PBXVariantGroup;
			children = (
				A7695C191E7187CE0049E550 /* Base */,
			);
			name = LaunchScreen.storyboard;
			sourceTree = "<group>";
		};
/* End PBXVariantGroup section */

/* Begin XCBuildConfiguration section */
		A7695C1C1E7187CE0049E550 /* Debug */ = {
			isa = XCBuildConfiguration;
			buildSettings = {
				ALWAYS_SEARCH_USER_PATHS = NO;
				CLANG_ANALYZER_NONNULL = YES;
				CLANG_CXX_LANGUAGE_STANDARD = "gnu++0x";
				CLANG_CXX_LIBRARY = "libc++";
				CLANG_ENABLE_MODULES = YES;
				CLANG_ENABLE_OBJC_ARC = YES;
				CLANG_WARN_BOOL_CONVERSION = YES;
				CLANG_WARN_CONSTANT_CONVERSION = YES;
				CLANG_WARN_DIRECT_OBJC_ISA_USAGE = YES_ERROR;
				CLANG_WARN_DOCUMENTATION_COMMENTS = YES;
				CLANG_WARN_EMPTY_BODY = YES;
				CLANG_WARN_ENUM_CONVERSION = YES;
				CLANG_WARN_INFINITE_RECURSION = YES;
				CLANG_WARN_INT_CONVERSION = YES;
				CLANG_WARN_OBJC_ROOT_CLASS = YES_ERROR;
				CLANG_WARN_SUSPICIOUS_MOVE = YES;
				CLANG_WARN_UNREACHABLE_CODE = YES;
				CLANG_WARN__DUPLICATE_METHOD_MATCH = YES;
				"CODE_SIGN_IDENTITY[sdk=iphoneos*]" = "iPhone Developer";
				COPY_PHASE_STRIP = NO;
				DEBUG_INFORMATION_FORMAT = dwarf;
				ENABLE_STRICT_OBJC_MSGSEND = YES;
				ENABLE_TESTABILITY = YES;
				GCC_C_LANGUAGE_STANDARD = gnu99;
				GCC_DYNAMIC_NO_PIC = NO;
				GCC_NO_COMMON_BLOCKS = YES;
				GCC_OPTIMIZATION_LEVEL = 0;
				GCC_PREPROCESSOR_DEFINITIONS = (
					"DEBUG=1",
					"$(inherited)",
				);
				GCC_WARN_64_TO_32_BIT_CONVERSION = YES;
				GCC_WARN_ABOUT_RETURN_TYPE = YES_ERROR;
				GCC_WARN_UNDECLARED_SELECTOR = YES;
				GCC_WARN_UNINITIALIZED_AUTOS = YES_AGGRESSIVE;
				GCC_WARN_UNUSED_FUNCTION = YES;
				GCC_WARN_UNUSED_VARIABLE = YES;
				IPHONEOS_DEPLOYMENT_TARGET = 10.2;
				MTL_ENABLE_DEBUG_INFO = YES;
				ONLY_ACTIVE_ARCH = YES;
				SDKROOT = iphoneos;
				TARGETED_DEVICE_FAMILY = "1,2";
			};
			name = Debug;
		};
		A7695C1D1E7187CE0049E550 /* Release */ = {
			isa = XCBuildConfiguration;
			buildSettings = {
				ALWAYS_SEARCH_USER_PATHS = NO;
				CLANG_ANALYZER_NONNULL = YES;
				CLANG_CXX_LANGUAGE_STANDARD = "gnu++0x";
				CLANG_CXX_LIBRARY = "libc++";
				CLANG_ENABLE_MODULES = YES;
				CLANG_ENABLE_OBJC_ARC = YES;
				CLANG_WARN_BOOL_CONVERSION = YES;
				CLANG_WARN_CONSTANT_CONVERSION = YES;
				CLANG_WARN_DIRECT_OBJC_ISA_USAGE = YES_ERROR;
				CLANG_WARN_DOCUMENTATION_COMMENTS = YES;
				CLANG_WARN_EMPTY_BODY = YES;
				CLANG_WARN_ENUM_CONVERSION = YES;
				CLANG_WARN_INFINITE_RECURSION = YES;
				CLANG_WARN_INT_CONVERSION = YES;
				CLANG_WARN_OBJC_ROOT_CLASS = YES_ERROR;
				CLANG_WARN_SUSPICIOUS_MOVE = YES;
				CLANG_WARN_UNREACHABLE_CODE = YES;
				CLANG_WARN__DUPLICATE_METHOD_MATCH = YES;
				"CODE_SIGN_IDENTITY[sdk=iphoneos*]" = "iPhone Developer";
				COPY_PHASE_STRIP = NO;
				DEBUG_INFORMATION_FORMAT = "dwarf-with-dsym";
				ENABLE_NS_ASSERTIONS = NO;
				ENABLE_STRICT_OBJC_MSGSEND = YES;
				GCC_C_LANGUAGE_STANDARD = gnu99;
				GCC_NO_COMMON_BLOCKS = YES;
				GCC_WARN_64_TO_32_BIT_CONVERSION = YES;
				GCC_WARN_ABOUT_RETURN_TYPE = YES_ERROR;
				GCC_WARN_UNDECLARED_SELECTOR = YES;
				GCC_WARN_UNINITIALIZED_AUTOS = YES_AGGRESSIVE;
				GCC_WARN_UNUSED_FUNCTION = YES;
				GCC_WARN_UNUSED_VARIABLE = YES;
				IPHONEOS_DEPLOYMENT_TARGET = 10.2;
				MTL_ENABLE_DEBUG_INFO = NO;
				SDKROOT = iphoneos;
				TARGETED_DEVICE_FAMILY = "1,2";
				VALIDATE_PRODUCT = YES;
			};
			name = Release;
		};
		A7695C1F1E7187CE0049E550 /* Debug */ = {
			isa = XCBuildConfiguration;
			buildSettings = {
				ASSETCATALOG_COMPILER_APPICON_NAME = AppIcon;
				INFOPLIST_FILE = AddSubviewToLayout/Info.plist;
				LD_RUNPATH_SEARCH_PATHS = "$(inherited) @executable_path/Frameworks";
				PRODUCT_BUNDLE_IDENTIFIER = JXT.AddSubviewToLayout;
				PRODUCT_NAME = "$(TARGET_NAME)";
			};
			name = Debug;
		};
		A7695C201E7187CE0049E550 /* Release */ = {
			isa = XCBuildConfiguration;
			buildSettings = {
				ASSETCATALOG_COMPILER_APPICON_NAME = AppIcon;
				INFOPLIST_FILE = AddSubviewToLayout/Info.plist;
				LD_RUNPATH_SEARCH_PATHS = "$(inherited) @executable_path/Frameworks";
				PRODUCT_BUNDLE_IDENTIFIER = JXT.AddSubviewToLayout;
				PRODUCT_NAME = "$(TARGET_NAME)";
			};
			name = Release;
		};
/* End XCBuildConfiguration section */

/* Begin XCConfigurationList section */
		A7695C021E7187CE0049E550 /* Build configuration list for PBXProject "AddSubviewToLayout" */ = {
			isa = XCConfigurationList;
			buildConfigurations = (
				A7695C1C1E7187CE0049E550 /* Debug */,
				A7695C1D1E7187CE0049E550 /* Release */,
			);
			defaultConfigurationIsVisible = 0;
			defaultConfigurationName = Release;
		};
		A7695C1E1E7187CE0049E550 /* Build configuration list for PBXNativeTarget "AddSubviewToLayout" */ = {
			isa = XCConfigurationList;
			buildConfigurations = (
				A7695C1F1E7187CE0049E550 /* Debug */,
				A7695C201E7187CE0049E550 /* Release */,
			);
			defaultConfigurationIsVisible = 0;
		};
/* End XCConfigurationList section */
	};
	rootObject = A7695BFF1E7187CE0049E550 /* Project object */;
}
