// !$*UTF8*$!
{
	archiveVersion = 1;
	classes = {
	};
	objectVersion = 46;
	objects = {

/* Begin PBXBuildFile section */
		A78B48281E4D5132003EBE61 /* main.m in Sources */ = {isa = PBXBuildFile; fileRef = A78B48271E4D5132003EBE61 /* main.m */; };
		A78B482B1E4D5132003EBE61 /* AppDelegate.m in Sources */ = {isa = PBXBuildFile; fileRef = A78B482A1E4D5132003EBE61 /* AppDelegate.m */; };
		A78B482E1E4D5132003EBE61 /* ViewController.m in Sources */ = {isa = PBXBuildFile; fileRef = A78B482D1E4D5132003EBE61 /* ViewController.m */; };
		A78B48311E4D5132003EBE61 /* Main.storyboard in Resources */ = {isa = PBXBuildFile; fileRef = A78B482F1E4D5132003EBE61 /* Main.storyboard */; };
		A78B48331E4D5132003EBE61 /* Assets.xcassets in Resources */ = {isa = PBXBuildFile; fileRef = A78B48321E4D5132003EBE61 /* Assets.xcassets */; };
		A78B48361E4D5132003EBE61 /* LaunchScreen.storyboard in Resources */ = {isa = PBXBuildFile; fileRef = A78B48341E4D5132003EBE61 /* LaunchScreen.storyboard */; };
/* End PBXBuildFile section */

/* Begin PBXFileReference section */
		A78B48231E4D5132003EBE61 /* ThreadSafetyArray.app */ = {isa = PBXFileReference; explicitFileType = wrapper.application; includeInIndex = 0; path = ThreadSafetyArray.app; sourceTree = BUILT_PRODUCTS_DIR; };
		A78B48271E4D5132003EBE61 /* main.m */ = {isa = PBXFileReference; lastKnownFileType = sourcecode.c.objc; path = main.m; sourceTree = "<group>"; };
		A78B48291E4D5132003EBE61 /* AppDelegate.h */ = {isa = PBXFileReference; lastKnownFileType = sourcecode.c.h; path = AppDelegate.h; sourceTree = "<group>"; };
		A78B482A1E4D5132003EBE61 /* AppDelegate.m */ = {isa = PBXFileReference; lastKnownFileType = sourcecode.c.objc; path = AppDelegate.m; sourceTree = "<group>"; };
		A78B482C1E4D5132003EBE61 /* ViewController.h */ = {isa = PBXFileReference; lastKnownFileType = sourcecode.c.h; path = ViewController.h; sourceTree = "<group>"; };
		A78B482D1E4D5132003EBE61 /* ViewController.m */ = {isa = PBXFileReference; lastKnownFileType = sourcecode.c.objc; path = ViewController.m; sourceTree = "<group>"; };
		A78B48301E4D5132003EBE61 /* Base */ = {isa = PBXFileReference; lastKnownFileType = file.storyboard; name = Base; path = Base.lproj/Main.storyboard; sourceTree = "<group>"; };
		A78B48321E4D5132003EBE61 /* Assets.xcassets */ = {isa = PBXFileReference; lastKnownFileType = folder.assetcatalog; path = Assets.xcassets; sourceTree = "<group>"; };
		A78B48351E4D5132003EBE61 /* Base */ = {isa = PBXFileReference; lastKnownFileType = file.storyboard; name = Base; path = Base.lproj/LaunchScreen.storyboard; sourceTree = "<group>"; };
		A78B48371E4D5132003EBE61 /* Info.plist */ = {isa = PBXFileReference; lastKnownFileType = text.plist.xml; path = Info.plist; sourceTree = "<group>"; };
/* End PBXFileReference section */

/* Begin PBXFrameworksBuildPhase section */
		A78B48201E4D5132003EBE61 /* Frameworks */ = {
			isa = PBXFrameworksBuildPhase;
			buildActionMask = 2147483647;
			files = (
			);
			runOnlyForDeploymentPostprocessing = 0;
		};
/* End PBXFrameworksBuildPhase section */

/* Begin PBXGroup section */
		A78B481A1E4D5132003EBE61 = {
			isa = PBXGroup;
			children = (
				A78B48251E4D5132003EBE61 /* ThreadSafetyArray */,
				A78B48241E4D5132003EBE61 /* Products */,
			);
			sourceTree = "<group>";
		};
		A78B48241E4D5132003EBE61 /* Products */ = {
			isa = PBXGroup;
			children = (
				A78B48231E4D5132003EBE61 /* ThreadSafetyArray.app */,
			);
			name = Products;
			sourceTree = "<group>";
		};
		A78B48251E4D5132003EBE61 /* ThreadSafetyArray */ = {
			isa = PBXGroup;
			children = (
				A78B48291E4D5132003EBE61 /* AppDelegate.h */,
				A78B482A1E4D5132003EBE61 /* AppDelegate.m */,
				A78B482C1E4D5132003EBE61 /* ViewController.h */,
				A78B482D1E4D5132003EBE61 /* ViewController.m */,
				A78B482F1E4D5132003EBE61 /* Main.storyboard */,
				A78B48321E4D5132003EBE61 /* Assets.xcassets */,
				A78B48341E4D5132003EBE61 /* LaunchScreen.storyboard */,
				A78B48371E4D5132003EBE61 /* Info.plist */,
				A78B48261E4D5132003EBE61 /* Supporting Files */,
			);
			path = ThreadSafetyArray;
			sourceTree = "<group>";
		};
		A78B48261E4D5132003EBE61 /* Supporting Files */ = {
			isa = PBXGroup;
			children = (
				A78B48271E4D5132003EBE61 /* main.m */,
			);
			name = "Supporting Files";
			sourceTree = "<group>";
		};
/* End PBXGroup section */

/* Begin PBXNativeTarget section */
		A78B48221E4D5132003EBE61 /* ThreadSafetyArray */ = {
			isa = PBXNativeTarget;
			buildConfigurationList = A78B483A1E4D5132003EBE61 /* Build configuration list for PBXNativeTarget "ThreadSafetyArray" */;
			buildPhases = (
				A78B481F1E4D5132003EBE61 /* Sources */,
				A78B48201E4D5132003EBE61 /* Frameworks */,
				A78B48211E4D5132003EBE61 /* Resources */,
			);
			buildRules = (
			);
			dependencies = (
			);
			name = ThreadSafetyArray;
			productName = ThreadSafetyArray;
			productReference = A78B48231E4D5132003EBE61 /* ThreadSafetyArray.app */;
			productType = "com.apple.product-type.application";
		};
/* End PBXNativeTarget section */

/* Begin PBXProject section */
		A78B481B1E4D5132003EBE61 /* Project object */ = {
			isa = PBXProject;
			attributes = {
				LastUpgradeCheck = 0820;
				ORGANIZATIONNAME = JXT;
				TargetAttributes = {
					A78B48221E4D5132003EBE61 = {
						CreatedOnToolsVersion = 8.2;
						ProvisioningStyle = Automatic;
					};
				};
			};
			buildConfigurationList = A78B481E1E4D5132003EBE61 /* Build configuration list for PBXProject "ThreadSafetyArray" */;
			compatibilityVersion = "Xcode 3.2";
			developmentRegion = English;
			hasScannedForEncodings = 0;
			knownRegions = (
				en,
				Base,
			);
			mainGroup = A78B481A1E4D5132003EBE61;
			productRefGroup = A78B48241E4D5132003EBE61 /* Products */;
			projectDirPath = "";
			projectRoot = "";
			targets = (
				A78B48221E4D5132003EBE61 /* ThreadSafetyArray */,
			);
		};
/* End PBXProject section */

/* Begin PBXResourcesBuildPhase section */
		A78B48211E4D5132003EBE61 /* Resources */ = {
			isa = PBXResourcesBuildPhase;
			buildActionMask = 2147483647;
			files = (
				A78B48361E4D5132003EBE61 /* LaunchScreen.storyboard in Resources */,
				A78B48331E4D5132003EBE61 /* Assets.xcassets in Resources */,
				A78B48311E4D5132003EBE61 /* Main.storyboard in Resources */,
			);
			runOnlyForDeploymentPostprocessing = 0;
		};
/* End PBXResourcesBuildPhase section */

/* Begin PBXSourcesBuildPhase section */
		A78B481F1E4D5132003EBE61 /* Sources */ = {
			isa = PBXSourcesBuildPhase;
			buildActionMask = 2147483647;
			files = (
				A78B482E1E4D5132003EBE61 /* ViewController.m in Sources */,
				A78B482B1E4D5132003EBE61 /* AppDelegate.m in Sources */,
				A78B48281E4D5132003EBE61 /* main.m in Sources */,
			);
			runOnlyForDeploymentPostprocessing = 0;
		};
/* End PBXSourcesBuildPhase section */

/* Begin PBXVariantGroup section */
		A78B482F1E4D5132003EBE61 /* Main.storyboard */ = {
			isa = PBXVariantGroup;
			children = (
				A78B48301E4D5132003EBE61 /* Base */,
			);
			name = Main.storyboard;
			sourceTree = "<group>";
		};
		A78B48341E4D5132003EBE61 /* LaunchScreen.storyboard */ = {
			isa = PBXVariantGroup;
			children = (
				A78B48351E4D5132003EBE61 /* Base */,
			);
			name = LaunchScreen.storyboard;
			sourceTree = "<group>";
		};
/* End PBXVariantGroup section */

/* Begin XCBuildConfiguration section */
		A78B48381E4D5132003EBE61 /* Debug */ = {
			isa = XCBuildConfiguration;
			buildSettings = {
				ALWAYS_SEARCH_USER_PATHS = NO;
				CLANG_ANALYZER_NONNULL = YES;
				CLANG_CXX_LANGUAGE_STANDARD = "gnu++0x";
				CLANG_CXX_LIBRARY = "libc++";
				CLANG_ENABLE_MODULES = YES;
				CLANG_ENABLE_OBJC_ARC = YES;
				CLANG_WARN_BOOL_CONVERSION = YES;
				CLANG_WARN_CONSTANT_CONVERSION = YES;
				CLANG_WARN_DIRECT_OBJC_ISA_USAGE = YES_ERROR;
				CLANG_WARN_DOCUMENTATION_COMMENTS = YES;
				CLANG_WARN_EMPTY_BODY = YES;
				CLANG_WARN_ENUM_CONVERSION = YES;
				CLANG_WARN_INFINITE_RECURSION = YES;
				CLANG_WARN_INT_CONVERSION = YES;
				CLANG_WARN_OBJC_ROOT_CLASS = YES_ERROR;
				CLANG_WARN_SUSPICIOUS_MOVE = YES;
				CLANG_WARN_UNREACHABLE_CODE = YES;
				CLANG_WARN__DUPLICATE_METHOD_MATCH = YES;
				"CODE_SIGN_IDENTITY[sdk=iphoneos*]" = "iPhone Developer";
				COPY_PHASE_STRIP = NO;
				DEBUG_INFORMATION_FORMAT = dwarf;
				ENABLE_STRICT_OBJC_MSGSEND = YES;
				ENABLE_TESTABILITY = YES;
				GCC_C_LANGUAGE_STANDARD = gnu99;
				GCC_DYNAMIC_NO_PIC = NO;
				GCC_NO_COMMON_BLOCKS = YES;
				GCC_OPTIMIZATION_LEVEL = 0;
				GCC_PREPROCESSOR_DEFINITIONS = (
					"DEBUG=1",
					"$(inherited)",
				);
				GCC_WARN_64_TO_32_BIT_CONVERSION = YES;
				GCC_WARN_ABOUT_RETURN_TYPE = YES_ERROR;
				GCC_WARN_UNDECLARED_SELECTOR = YES;
				GCC_WARN_UNINITIALIZED_AUTOS = YES_AGGRESSIVE;
				GCC_WARN_UNUSED_FUNCTION = YES;
				GCC_WARN_UNUSED_VARIABLE = YES;
				IPHONEOS_DEPLOYMENT_TARGET = 8.0;
				MTL_ENABLE_DEBUG_INFO = YES;
				ONLY_ACTIVE_ARCH = YES;
				SDKROOT = iphoneos;
				TARGETED_DEVICE_FAMILY = "1,2";
			};
			name = Debug;
		};
		A78B48391E4D5132003EBE61 /* Release */ = {
			isa = XCBuildConfiguration;
			buildSettings = {
				ALWAYS_SEARCH_USER_PATHS = NO;
				CLANG_ANALYZER_NONNULL = YES;
				CLANG_CXX_LANGUAGE_STANDARD = "gnu++0x";
				CLANG_CXX_LIBRARY = "libc++";
				CLANG_ENABLE_MODULES = YES;
				CLANG_ENABLE_OBJC_ARC = YES;
				CLANG_WARN_BOOL_CONVERSION = YES;
				CLANG_WARN_CONSTANT_CONVERSION = YES;
				CLANG_WARN_DIRECT_OBJC_ISA_USAGE = YES_ERROR;
				CLANG_WARN_DOCUMENTATION_COMMENTS = YES;
				CLANG_WARN_EMPTY_BODY = YES;
				CLANG_WARN_ENUM_CONVERSION = YES;
				CLANG_WARN_INFINITE_RECURSION = YES;
				CLANG_WARN_INT_CONVERSION = YES;
				CLANG_WARN_OBJC_ROOT_CLASS = YES_ERROR;
				CLANG_WARN_SUSPICIOUS_MOVE = YES;
				CLANG_WARN_UNREACHABLE_CODE = YES;
				CLANG_WARN__DUPLICATE_METHOD_MATCH = YES;
				"CODE_SIGN_IDENTITY[sdk=iphoneos*]" = "iPhone Developer";
				COPY_PHASE_STRIP = NO;
				DEBUG_INFORMATION_FORMAT = "dwarf-with-dsym";
				ENABLE_NS_ASSERTIONS = NO;
				ENABLE_STRICT_OBJC_MSGSEND = YES;
				GCC_C_LANGUAGE_STANDARD = gnu99;
				GCC_NO_COMMON_BLOCKS = YES;
				GCC_WARN_64_TO_32_BIT_CONVERSION = YES;
				GCC_WARN_ABOUT_RETURN_TYPE = YES_ERROR;
				GCC_WARN_UNDECLARED_SELECTOR = YES;
				GCC_WARN_UNINITIALIZED_AUTOS = YES_AGGRESSIVE;
				GCC_WARN_UNUSED_FUNCTION = YES;
				GCC_WARN_UNUSED_VARIABLE = YES;
				IPHONEOS_DEPLOYMENT_TARGET = 8.0;
				MTL_ENABLE_DEBUG_INFO = NO;
				SDKROOT = iphoneos;
				TARGETED_DEVICE_FAMILY = "1,2";
				VALIDATE_PRODUCT = YES;
			};
			name = Release;
		};
		A78B483B1E4D5132003EBE61 /* Debug */ = {
			isa = XCBuildConfiguration;
			buildSettings = {
				ASSETCATALOG_COMPILER_APPICON_NAME = AppIcon;
				INFOPLIST_FILE = ThreadSafetyArray/Info.plist;
				LD_RUNPATH_SEARCH_PATHS = "$(inherited) @executable_path/Frameworks";
				PRODUCT_BUNDLE_IDENTIFIER = JXT.ThreadSafetyArray;
				PRODUCT_NAME = "$(TARGET_NAME)";
			};
			name = Debug;
		};
		A78B483C1E4D5132003EBE61 /* Release */ = {
			isa = XCBuildConfiguration;
			buildSettings = {
				ASSETCATALOG_COMPILER_APPICON_NAME = AppIcon;
				INFOPLIST_FILE = ThreadSafetyArray/Info.plist;
				LD_RUNPATH_SEARCH_PATHS = "$(inherited) @executable_path/Frameworks";
				PRODUCT_BUNDLE_IDENTIFIER = JXT.ThreadSafetyArray;
				PRODUCT_NAME = "$(TARGET_NAME)";
			};
			name = Release;
		};
/* End XCBuildConfiguration section */

/* Begin XCConfigurationList section */
		A78B481E1E4D5132003EBE61 /* Build configuration list for PBXProject "ThreadSafetyArray" */ = {
			isa = XCConfigurationList;
			buildConfigurations = (
				A78B48381E4D5132003EBE61 /* Debug */,
				A78B48391E4D5132003EBE61 /* Release */,
			);
			defaultConfigurationIsVisible = 0;
			defaultConfigurationName = Release;
		};
		A78B483A1E4D5132003EBE61 /* Build configuration list for PBXNativeTarget "ThreadSafetyArray" */ = {
			isa = XCConfigurationList;
			buildConfigurations = (
				A78B483B1E4D5132003EBE61 /* Debug */,
				A78B483C1E4D5132003EBE61 /* Release */,
			);
			defaultConfigurationIsVisible = 0;
		};
/* End XCConfigurationList section */
	};
	rootObject = A78B481B1E4D5132003EBE61 /* Project object */;
}
