// !$*UTF8*$!
{
	archiveVersion = 1;
	classes = {
	};
	objectVersion = 50;
	objects = {

/* Begin PBXBuildFile section */
		A729274F211BDD7900D2A589 /* AppDelegate.m in Sources */ = {isa = PBXBuildFile; fileRef = A729274E211BDD7900D2A589 /* AppDelegate.m */; };
		A7292752211BDD7900D2A589 /* ViewController.m in Sources */ = {isa = PBXBuildFile; fileRef = A7292751211BDD7900D2A589 /* ViewController.m */; };
		A7292755211BDD7900D2A589 /* Main.storyboard in Resources */ = {isa = PBXBuildFile; fileRef = A7292753211BDD7900D2A589 /* Main.storyboard */; };
		A7292757211BDD7C00D2A589 /* Assets.xcassets in Resources */ = {isa = PBXBuildFile; fileRef = A7292756211BDD7C00D2A589 /* Assets.xcassets */; };
		A729275A211BDD7C00D2A589 /* LaunchScreen.storyboard in Resources */ = {isa = PBXBuildFile; fileRef = A7292758211BDD7C00D2A589 /* LaunchScreen.storyboard */; };
		A729275D211BDD7C00D2A589 /* main.m in Sources */ = {isa = PBXBuildFile; fileRef = A729275C211BDD7C00D2A589 /* main.m */; };
/* End PBXBuildFile section */

/* Begin PBXFileReference section */
		A729274A211BDD7900D2A589 /* StructForLayoutDemo.app */ = {isa = PBXFileReference; explicitFileType = wrapper.application; includeInIndex = 0; path = StructForLayoutDemo.app; sourceTree = BUILT_PRODUCTS_DIR; };
		A729274D211BDD7900D2A589 /* AppDelegate.h */ = {isa = PBXFileReference; lastKnownFileType = sourcecode.c.h; path = AppDelegate.h; sourceTree = "<group>"; };
		A729274E211BDD7900D2A589 /* AppDelegate.m */ = {isa = PBXFileReference; lastKnownFileType = sourcecode.c.objc; path = AppDelegate.m; sourceTree = "<group>"; };
		A7292750211BDD7900D2A589 /* ViewController.h */ = {isa = PBXFileReference; lastKnownFileType = sourcecode.c.h; path = ViewController.h; sourceTree = "<group>"; };
		A7292751211BDD7900D2A589 /* ViewController.m */ = {isa = PBXFileReference; lastKnownFileType = sourcecode.c.objc; path = ViewController.m; sourceTree = "<group>"; };
		A7292754211BDD7900D2A589 /* Base */ = {isa = PBXFileReference; lastKnownFileType = file.storyboard; name = Base; path = Base.lproj/Main.storyboard; sourceTree = "<group>"; };
		A7292756211BDD7C00D2A589 /* Assets.xcassets */ = {isa = PBXFileReference; lastKnownFileType = folder.assetcatalog; path = Assets.xcassets; sourceTree = "<group>"; };
		A7292759211BDD7C00D2A589 /* Base */ = {isa = PBXFileReference; lastKnownFileType = file.storyboard; name = Base; path = Base.lproj/LaunchScreen.storyboard; sourceTree = "<group>"; };
		A729275B211BDD7C00D2A589 /* Info.plist */ = {isa = PBXFileReference; lastKnownFileType = text.plist.xml; path = Info.plist; sourceTree = "<group>"; };
		A729275C211BDD7C00D2A589 /* main.m */ = {isa = PBXFileReference; lastKnownFileType = sourcecode.c.objc; path = main.m; sourceTree = "<group>"; };
/* End PBXFileReference section */

/* Begin PBXFrameworksBuildPhase section */
		A7292747211BDD7900D2A589 /* Frameworks */ = {
			isa = PBXFrameworksBuildPhase;
			buildActionMask = 2147483647;
			files = (
			);
			runOnlyForDeploymentPostprocessing = 0;
		};
/* End PBXFrameworksBuildPhase section */

/* Begin PBXGroup section */
		A7292741211BDD7900D2A589 = {
			isa = PBXGroup;
			children = (
				A729274C211BDD7900D2A589 /* StructForLayoutDemo */,
				A729274B211BDD7900D2A589 /* Products */,
			);
			sourceTree = "<group>";
		};
		A729274B211BDD7900D2A589 /* Products */ = {
			isa = PBXGroup;
			children = (
				A729274A211BDD7900D2A589 /* StructForLayoutDemo.app */,
			);
			name = Products;
			sourceTree = "<group>";
		};
		A729274C211BDD7900D2A589 /* StructForLayoutDemo */ = {
			isa = PBXGroup;
			children = (
				A729274D211BDD7900D2A589 /* AppDelegate.h */,
				A729274E211BDD7900D2A589 /* AppDelegate.m */,
				A7292750211BDD7900D2A589 /* ViewController.h */,
				A7292751211BDD7900D2A589 /* ViewController.m */,
				A7292753211BDD7900D2A589 /* Main.storyboard */,
				A7292756211BDD7C00D2A589 /* Assets.xcassets */,
				A7292758211BDD7C00D2A589 /* LaunchScreen.storyboard */,
				A729275B211BDD7C00D2A589 /* Info.plist */,
				A729275C211BDD7C00D2A589 /* main.m */,
			);
			path = StructForLayoutDemo;
			sourceTree = "<group>";
		};
/* End PBXGroup section */

/* Begin PBXNativeTarget section */
		A7292749211BDD7900D2A589 /* StructForLayoutDemo */ = {
			isa = PBXNativeTarget;
			buildConfigurationList = A7292760211BDD7C00D2A589 /* Build configuration list for PBXNativeTarget "StructForLayoutDemo" */;
			buildPhases = (
				A7292746211BDD7900D2A589 /* Sources */,
				A7292747211BDD7900D2A589 /* Frameworks */,
				A7292748211BDD7900D2A589 /* Resources */,
			);
			buildRules = (
			);
			dependencies = (
			);
			name = StructForLayoutDemo;
			productName = StructForLayoutDemo;
			productReference = A729274A211BDD7900D2A589 /* StructForLayoutDemo.app */;
			productType = "com.apple.product-type.application";
		};
/* End PBXNativeTarget section */

/* Begin PBXProject section */
		A7292742211BDD7900D2A589 /* Project object */ = {
			isa = PBXProject;
			attributes = {
				LastUpgradeCheck = 0940;
				ORGANIZATIONNAME = JXT;
				TargetAttributes = {
					A7292749211BDD7900D2A589 = {
						CreatedOnToolsVersion = 9.4.1;
					};
				};
			};
			buildConfigurationList = A7292745211BDD7900D2A589 /* Build configuration list for PBXProject "StructForLayoutDemo" */;
			compatibilityVersion = "Xcode 9.3";
			developmentRegion = en;
			hasScannedForEncodings = 0;
			knownRegions = (
				en,
				Base,
			);
			mainGroup = A7292741211BDD7900D2A589;
			productRefGroup = A729274B211BDD7900D2A589 /* Products */;
			projectDirPath = "";
			projectRoot = "";
			targets = (
				A7292749211BDD7900D2A589 /* StructForLayoutDemo */,
			);
		};
/* End PBXProject section */

/* Begin PBXResourcesBuildPhase section */
		A7292748211BDD7900D2A589 /* Resources */ = {
			isa = PBXResourcesBuildPhase;
			buildActionMask = 2147483647;
			files = (
				A729275A211BDD7C00D2A589 /* LaunchScreen.storyboard in Resources */,
				A7292757211BDD7C00D2A589 /* Assets.xcassets in Resources */,
				A7292755211BDD7900D2A589 /* Main.storyboard in Resources */,
			);
			runOnlyForDeploymentPostprocessing = 0;
		};
/* End PBXResourcesBuildPhase section */

/* Begin PBXSourcesBuildPhase section */
		A7292746211BDD7900D2A589 /* Sources */ = {
			isa = PBXSourcesBuildPhase;
			buildActionMask = 2147483647;
			files = (
				A7292752211BDD7900D2A589 /* ViewController.m in Sources */,
				A729275D211BDD7C00D2A589 /* main.m in Sources */,
				A729274F211BDD7900D2A589 /* AppDelegate.m in Sources */,
			);
			runOnlyForDeploymentPostprocessing = 0;
		};
/* End PBXSourcesBuildPhase section */

/* Begin PBXVariantGroup section */
		A7292753211BDD7900D2A589 /* Main.storyboard */ = {
			isa = PBXVariantGroup;
			children = (
				A7292754211BDD7900D2A589 /* Base */,
			);
			name = Main.storyboard;
			sourceTree = "<group>";
		};
		A7292758211BDD7C00D2A589 /* LaunchScreen.storyboard */ = {
			isa = PBXVariantGroup;
			children = (
				A7292759211BDD7C00D2A589 /* Base */,
			);
			name = LaunchScreen.storyboard;
			sourceTree = "<group>";
		};
/* End PBXVariantGroup section */

/* Begin XCBuildConfiguration section */
		A729275E211BDD7C00D2A589 /* Debug */ = {
			isa = XCBuildConfiguration;
			buildSettings = {
				ALWAYS_SEARCH_USER_PATHS = NO;
				CLANG_ANALYZER_NONNULL = YES;
				CLANG_ANALYZER_NUMBER_OBJECT_CONVERSION = YES_AGGRESSIVE;
				CLANG_CXX_LANGUAGE_STANDARD = "gnu++14";
				CLANG_CXX_LIBRARY = "libc++";
				CLANG_ENABLE_MODULES = YES;
				CLANG_ENABLE_OBJC_ARC = YES;
				CLANG_ENABLE_OBJC_WEAK = YES;
				CLANG_WARN_BLOCK_CAPTURE_AUTORELEASING = YES;
				CLANG_WARN_BOOL_CONVERSION = YES;
				CLANG_WARN_COMMA = YES;
				CLANG_WARN_CONSTANT_CONVERSION = YES;
				CLANG_WARN_DEPRECATED_OBJC_IMPLEMENTATIONS = YES;
				CLANG_WARN_DIRECT_OBJC_ISA_USAGE = YES_ERROR;
				CLANG_WARN_DOCUMENTATION_COMMENTS = YES;
				CLANG_WARN_EMPTY_BODY = YES;
				CLANG_WARN_ENUM_CONVERSION = YES;
				CLANG_WARN_INFINITE_RECURSION = YES;
				CLANG_WARN_INT_CONVERSION = YES;
				CLANG_WARN_NON_LITERAL_NULL_CONVERSION = YES;
				CLANG_WARN_OBJC_IMPLICIT_RETAIN_SELF = YES;
				CLANG_WARN_OBJC_LITERAL_CONVERSION = YES;
				CLANG_WARN_OBJC_ROOT_CLASS = YES_ERROR;
				CLANG_WARN_RANGE_LOOP_ANALYSIS = YES;
				CLANG_WARN_STRICT_PROTOTYPES = YES;
				CLANG_WARN_SUSPICIOUS_MOVE = YES;
				CLANG_WARN_UNGUARDED_AVAILABILITY = YES_AGGRESSIVE;
				CLANG_WARN_UNREACHABLE_CODE = YES;
				CLANG_WARN__DUPLICATE_METHOD_MATCH = YES;
				CODE_SIGN_IDENTITY = "iPhone Developer";
				COPY_PHASE_STRIP = NO;
				DEBUG_INFORMATION_FORMAT = dwarf;
				ENABLE_STRICT_OBJC_MSGSEND = YES;
				ENABLE_TESTABILITY = YES;
				GCC_C_LANGUAGE_STANDARD = gnu11;
				GCC_DYNAMIC_NO_PIC = NO;
				GCC_NO_COMMON_BLOCKS = YES;
				GCC_OPTIMIZATION_LEVEL = 0;
				GCC_PREPROCESSOR_DEFINITIONS = (
					"DEBUG=1",
					"$(inherited)",
				);
				GCC_WARN_64_TO_32_BIT_CONVERSION = YES;
				GCC_WARN_ABOUT_RETURN_TYPE = YES_ERROR;
				GCC_WARN_UNDECLARED_SELECTOR = YES;
				GCC_WARN_UNINITIALIZED_AUTOS = YES_AGGRESSIVE;
				GCC_WARN_UNUSED_FUNCTION = YES;
				GCC_WARN_UNUSED_VARIABLE = YES;
				IPHONEOS_DEPLOYMENT_TARGET = 9.1;
				MTL_ENABLE_DEBUG_INFO = YES;
				ONLY_ACTIVE_ARCH = YES;
				SDKROOT = iphoneos;
			};
			name = Debug;
		};
		A729275F211BDD7C00D2A589 /* Release */ = {
			isa = XCBuildConfiguration;
			buildSettings = {
				ALWAYS_SEARCH_USER_PATHS = NO;
				CLANG_ANALYZER_NONNULL = YES;
				CLANG_ANALYZER_NUMBER_OBJECT_CONVERSION = YES_AGGRESSIVE;
				CLANG_CXX_LANGUAGE_STANDARD = "gnu++14";
				CLANG_CXX_LIBRARY = "libc++";
				CLANG_ENABLE_MODULES = YES;
				CLANG_ENABLE_OBJC_ARC = YES;
				CLANG_ENABLE_OBJC_WEAK = YES;
				CLANG_WARN_BLOCK_CAPTURE_AUTORELEASING = YES;
				CLANG_WARN_BOOL_CONVERSION = YES;
				CLANG_WARN_COMMA = YES;
				CLANG_WARN_CONSTANT_CONVERSION = YES;
				CLANG_WARN_DEPRECATED_OBJC_IMPLEMENTATIONS = YES;
				CLANG_WARN_DIRECT_OBJC_ISA_USAGE = YES_ERROR;
				CLANG_WARN_DOCUMENTATION_COMMENTS = YES;
				CLANG_WARN_EMPTY_BODY = YES;
				CLANG_WARN_ENUM_CONVERSION = YES;
				CLANG_WARN_INFINITE_RECURSION = YES;
				CLANG_WARN_INT_CONVERSION = YES;
				CLANG_WARN_NON_LITERAL_NULL_CONVERSION = YES;
				CLANG_WARN_OBJC_IMPLICIT_RETAIN_SELF = YES;
				CLANG_WARN_OBJC_LITERAL_CONVERSION = YES;
				CLANG_WARN_OBJC_ROOT_CLASS = YES_ERROR;
				CLANG_WARN_RANGE_LOOP_ANALYSIS = YES;
				CLANG_WARN_STRICT_PROTOTYPES = YES;
				CLANG_WARN_SUSPICIOUS_MOVE = YES;
				CLANG_WARN_UNGUARDED_AVAILABILITY = YES_AGGRESSIVE;
				CLANG_WARN_UNREACHABLE_CODE = YES;
				CLANG_WARN__DUPLICATE_METHOD_MATCH = YES;
				CODE_SIGN_IDENTITY = "iPhone Developer";
				COPY_PHASE_STRIP = NO;
				DEBUG_INFORMATION_FORMAT = "dwarf-with-dsym";
				ENABLE_NS_ASSERTIONS = NO;
				ENABLE_STRICT_OBJC_MSGSEND = YES;
				GCC_C_LANGUAGE_STANDARD = gnu11;
				GCC_NO_COMMON_BLOCKS = YES;
				GCC_WARN_64_TO_32_BIT_CONVERSION = YES;
				GCC_WARN_ABOUT_RETURN_TYPE = YES_ERROR;
				GCC_WARN_UNDECLARED_SELECTOR = YES;
				GCC_WARN_UNINITIALIZED_AUTOS = YES_AGGRESSIVE;
				GCC_WARN_UNUSED_FUNCTION = YES;
				GCC_WARN_UNUSED_VARIABLE = YES;
				IPHONEOS_DEPLOYMENT_TARGET = 9.1;
				MTL_ENABLE_DEBUG_INFO = NO;
				SDKROOT = iphoneos;
				VALIDATE_PRODUCT = YES;
			};
			name = Release;
		};
		A7292761211BDD7C00D2A589 /* Debug */ = {
			isa = XCBuildConfiguration;
			buildSettings = {
				ASSETCATALOG_COMPILER_APPICON_NAME = AppIcon;
				CODE_SIGN_STYLE = Automatic;
				INFOPLIST_FILE = StructForLayoutDemo/Info.plist;
				LD_RUNPATH_SEARCH_PATHS = (
					"$(inherited)",
					"@executable_path/Frameworks",
				);
				PRODUCT_BUNDLE_IDENTIFIER = com.jxt.StructForLayoutDemo;
				PRODUCT_NAME = "$(TARGET_NAME)";
				TARGETED_DEVICE_FAMILY = "1,2";
			};
			name = Debug;
		};
		A7292762211BDD7C00D2A589 /* Release */ = {
			isa = XCBuildConfiguration;
			buildSettings = {
				ASSETCATALOG_COMPILER_APPICON_NAME = AppIcon;
				CODE_SIGN_STYLE = Automatic;
				INFOPLIST_FILE = StructForLayoutDemo/Info.plist;
				LD_RUNPATH_SEARCH_PATHS = (
					"$(inherited)",
					"@executable_path/Frameworks",
				);
				PRODUCT_BUNDLE_IDENTIFIER = com.jxt.StructForLayoutDemo;
				PRODUCT_NAME = "$(TARGET_NAME)";
				TARGETED_DEVICE_FAMILY = "1,2";
			};
			name = Release;
		};
/* End XCBuildConfiguration section */

/* Begin XCConfigurationList section */
		A7292745211BDD7900D2A589 /* Build configuration list for PBXProject "StructForLayoutDemo" */ = {
			isa = XCConfigurationList;
			buildConfigurations = (
				A729275E211BDD7C00D2A589 /* Debug */,
				A729275F211BDD7C00D2A589 /* Release */,
			);
			defaultConfigurationIsVisible = 0;
			defaultConfigurationName = Release;
		};
		A7292760211BDD7C00D2A589 /* Build configuration list for PBXNativeTarget "StructForLayoutDemo" */ = {
			isa = XCConfigurationList;
			buildConfigurations = (
				A7292761211BDD7C00D2A589 /* Debug */,
				A7292762211BDD7C00D2A589 /* Release */,
			);
			defaultConfigurationIsVisible = 0;
			defaultConfigurationName = Release;
		};
/* End XCConfigurationList section */
	};
	rootObject = A7292742211BDD7900D2A589 /* Project object */;
}
